
Microsoft Visual Studio Solution File, Format Version 12.00
Project("{2150E333-8FDC-42A3-9474-1A3956D46DE8}") = "src", "src", "{827E0CD3-B72D-47B6-A68D-7590B98EB39B}"
EndProject
Project("{FAE04EC0-301F-11D3-BF4B-00C04F79EFBC}") = "Ignixa.Api", "src\Application\Ignixa.Api\Ignixa.Api.csproj", "{CBAC04FB-F384-450D-86BD-651FB920672C}"
EndProject
Project("{FAE04EC0-301F-11D3-BF4B-00C04F79EFBC}") = "Ignixa.Api.Tests", "test\Ignixa.Api.Tests\Ignixa.Api.Tests.csproj", "{817ACD8E-4EC0-48DF-8AFC-232ADEB168CE}"
EndProject
Project("{FAE04EC0-301F-11D3-BF4B-00C04F79EFBC}") = "Ignixa.Serialization", "src\Core\Ignixa.Serialization\Ignixa.Serialization.csproj", "{73ACFCE5-F840-42F1-8382-DDFAF74529AF}"
EndProject
Project("{FAE04EC0-301F-11D3-BF4B-00C04F79EFBC}") = "Ignixa.Search", "src\Core\Ignixa.Search\Ignixa.Search.csproj", "{52C9E4FE-4CC1-411B-9D1C-454463B53D9A}"
EndProject
Project("{FAE04EC0-301F-11D3-BF4B-00C04F79EFBC}") = "Ignixa.Domain", "src\Application\Ignixa.Domain\Ignixa.Domain.csproj", "{273139D4-CF7F-4C85-8508-1CDAEAC37AA4}"
EndProject
Project("{FAE04EC0-301F-11D3-BF4B-00C04F79EFBC}") = "Ignixa.Application", "src\Application\Ignixa.Application\Ignixa.Application.csproj", "{999C64CD-7D66-4F0D-A74C-BCC043176DF4}"
EndProject
Project("{FAE04EC0-301F-11D3-BF4B-00C04F79EFBC}") = "Ignixa.DataLayer.FileSystem", "src\DataLayer\Ignixa.DataLayer.FileSystem\Ignixa.DataLayer.FileSystem.csproj", "{6E30F2C0-2751-4D2A-8697-E43AE77018F1}"
EndProject
Project("{FAE04EC0-301F-11D3-BF4B-00C04F79EFBC}") = "Ignixa.DataLayer.InMemoryIndex", "src\DataLayer\Ignixa.DataLayer.InMemoryIndex\Ignixa.DataLayer.InMemoryIndex.csproj", "{A39EBDE9-F557-4461-BAFF-7BF8F3ABCA8B}"
EndProject
Project("{FAE04EC0-301F-11D3-BF4B-00C04F79EFBC}") = "Ignixa.Specification", "src\Core\Ignixa.Specification\Ignixa.Specification.csproj", "{D8408542-07AD-492E-AD47-332DF415BAE3}"
EndProject
Project("{2150E333-8FDC-42A3-9474-1A3956D46DE8}") = "Project Items", "Project Items", "{AD2040B0-EAE8-450D-A625-57E825C7F297}"
	ProjectSection(SolutionItems) = preProject
		.gitignore = .gitignore
		CLAUDE.md = CLAUDE.md
		Directory.Build.props = Directory.Build.props
		Directory.Packages.props = Directory.Packages.props
		GlobalSuppressions.Test.cs = GlobalSuppressions.Test.cs
		README.md = README.md
		stylecop.json = stylecop.json
	EndProjectSection
EndProject
Project("{2150E333-8FDC-42A3-9474-1A3956D46DE8}") = "test", "test", "{0C88DD14-F956-CE84-757C-A364CCF449FC}"
EndProject
Project("{FAE04EC0-301F-11D3-BF4B-00C04F79EFBC}") = "Ignixa.Application.Tests", "test\Ignixa.Application.Tests\Ignixa.Application.Tests.csproj", "{F326E4BD-4AE4-4756-85B5-EB31FC650D6F}"
EndProject
Project("{FAE04EC0-301F-11D3-BF4B-00C04F79EFBC}") = "Ignixa.Serialization.Tests", "test\Ignixa.Serialization.Tests\Ignixa.Serialization.Tests.csproj", "{12496AA6-CA27-442E-9A67-0417FE38EEFC}"
EndProject
Project("{FAE04EC0-301F-11D3-BF4B-00C04F79EFBC}") = "Ignixa.Validation", "src\Core\Ignixa.Validation\Ignixa.Validation.csproj", "{F6F5D9E6-8F04-4F23-99F8-C6857C6BBE2E}"
EndProject
Project("{FAE04EC0-301F-11D3-BF4B-00C04F79EFBC}") = "Ignixa.Validation.Tests", "test\Ignixa.Validation.Tests\Ignixa.Validation.Tests.csproj", "{1C8E45E1-D24D-42A7-9034-160992AE3823}"
EndProject
Project("{FAE04EC0-301F-11D3-BF4B-00C04F79EFBC}") = "Ignixa.FhirPath", "src\Core\Ignixa.FhirPath\Ignixa.FhirPath.csproj", "{A42DB787-393B-4080-84F9-03C2DDE06C14}"
EndProject
Project("{FAE04EC0-301F-11D3-BF4B-00C04F79EFBC}") = "Ignixa.FhirPath.Tests", "test\Ignixa.FhirPath.Tests\Ignixa.FhirPath.Tests.csproj", "{6D7B9490-CB5B-43E2-B149-C6CA54C18502}"
EndProject
Project("{FAE04EC0-301F-11D3-BF4B-00C04F79EFBC}") = "Ignixa.DataLayer.SqlEntityFramework", "src\DataLayer\Ignixa.DataLayer.SqlEntityFramework\Ignixa.DataLayer.SqlEntityFramework.csproj", "{17F74AEE-ADC9-45ED-A27C-14B86AEE9B96}"
EndProject
Project("{FAE04EC0-301F-11D3-BF4B-00C04F79EFBC}") = "Ignixa.DataLayer.BlobStorage", "src\DataLayer\Ignixa.DataLayer.BlobStorage\Ignixa.DataLayer.BlobStorage.csproj", "{089356BA-B0B3-4363-B360-915EC45FAD72}"
EndProject
Project("{2150E333-8FDC-42A3-9474-1A3956D46DE8}") = "Application", "Application", "{D52A6C36-F517-47E3-AD4E-C8F0CDAC3678}"
EndProject
Project("{2150E333-8FDC-42A3-9474-1A3956D46DE8}") = "Core", "Core", "{0955C698-034D-424C-A981-095EB50A5673}"
EndProject
Project("{2150E333-8FDC-42A3-9474-1A3956D46DE8}") = "DataLayer", "DataLayer", "{3AB9C3B3-CB6C-414B-87A7-CAFB3AC9FAAA}"
EndProject
Project("{2150E333-8FDC-42A3-9474-1A3956D46DE8}") = "Docs", "Docs", "{81B3F1B8-451F-43ED-A167-8DFC445DB588}"
EndProject
Project("{2150E333-8FDC-42A3-9474-1A3956D46DE8}") = "Rest", "Rest", "{5DB93B3E-65B8-4C0A-A08E-633F2E159FE9}"
	ProjectSection(SolutionItems) = preProject
		docs\rest\operation-member-match.http = docs\rest\operation-member-match.http
		docs\rest\search-examples.http = docs\rest\search-examples.http
		docs\rest\authorization-examples.http = docs\rest\authorization-examples.http
		docs\rest\operation-export.http = docs\rest\operation-export.http
		docs\rest\operation-import.http = docs\rest\operation-import.http
		docs\rest\sql-on-fhir.http = docs\rest\sql-on-fhir.http
		docs\rest\operation-patient-everything.http = docs\rest\operation-patient-everything.http
		docs\rest\operation-terminology.http = docs\rest\operation-terminology.http
		docs\rest\operation-transform.http = docs\rest\operation-transform.http
		docs\rest\operation-summary.http = docs\rest\operation-summary.http
	EndProjectSection
EndProject
Project("{2150E333-8FDC-42A3-9474-1A3956D46DE8}") = "bench", "bench", "{760AB15A-8938-8D9B-BEDE-5CE1484B84C3}"
EndProject
Project("{FAE04EC0-301F-11D3-BF4B-00C04F79EFBC}") = "Ignixa.Benchmarks", "bench\Ignixa.Benchmarks\Ignixa.Benchmarks.csproj", "{31E2CAAA-176E-41DC-AB32-2F0818E08122}"
EndProject
Project("{2150E333-8FDC-42A3-9474-1A3956D46DE8}") = "Agents", "Agents", "{C0A088E4-9B1E-40F1-80FC-C22AE3BCAEA1}"
	ProjectSection(SolutionItems) = preProject
		.claude\agents\adr-analyzer.md = .claude\agents\adr-analyzer.md
		.claude\agents\coding-agent.md = .claude\agents\coding-agent.md
		.claude\agents\fast-coding-agent.md = .claude\agents\fast-coding-agent.md
		.claude\agents\fhir-agent.md = .claude\agents\fhir-agent.md
		.claude\agents\fhir-coordinator.md = .claude\agents\fhir-coordinator.md
		.claude\agents\ef.md = .claude\agents\ef.md
		.claude\agents\documentation-agent.md = .claude\agents\documentation-agent.md
	EndProjectSection
EndProject
Project("{FAE04EC0-301F-11D3-BF4B-00C04F79EFBC}") = "Ignixa.Application.BackgroundOperations", "src\Application\Ignixa.Application.BackgroundOperations\Ignixa.Application.BackgroundOperations.csproj", "{F450B9BC-9675-4940-A8F0-C8C75241091F}"
EndProject
Project("{2150E333-8FDC-42A3-9474-1A3956D46DE8}") = "Setup", "Setup", "{4E79045F-F848-4683-88EE-9AF17228E267}"
	ProjectSection(SolutionItems) = preProject
		deploy\azure\modules\app-service.bicep = deploy\azure\modules\app-service.bicep
		deploy\azure\modules\key-vault.bicep = deploy\azure\modules\key-vault.bicep
		deploy\azure\modules\monitoring.bicep = deploy\azure\modules\monitoring.bicep
		deploy\azure\modules\role-assignments.bicep = deploy\azure\modules\role-assignments.bicep
		deploy\azure\modules\sql-database.bicep = deploy\azure\modules\sql-database.bicep
		deploy\azure\modules\storage.bicep = deploy\azure\modules\storage.bicep
		deploy\azure\parameters\dev.bicepparam = deploy\azure\parameters\dev.bicepparam
		deploy\azure\parameters\production.bicepparam = deploy\azure\parameters\production.bicepparam
		deploy\azure\scripts\deploy.ps1 = deploy\azure\scripts\deploy.ps1
		deploy\azure\scripts\setup-sql-mi.sql = deploy\azure\scripts\setup-sql-mi.sql
		deploy\azure\main.bicep = deploy\azure\main.bicep
		deploy\azure\README.md = deploy\azure\README.md
	EndProjectSection
EndProject
Project("{2150E333-8FDC-42A3-9474-1A3956D46DE8}") = "Compatibility", "Compatibility", "{46974937-533F-4386-A813-2C69018FCE31}"
	ProjectSection(SolutionItems) = preProject
		run-compat-tests.ps1 = run-compat-tests.ps1
	EndProjectSection
EndProject
Project("{FAE04EC0-301F-11D3-BF4B-00C04F79EFBC}") = "Ignixa.Application.Operations", "src\Application\Ignixa.Application.Operations\Ignixa.Application.Operations.csproj", "{D5CB0BBA-7FB9-4D2D-800A-93965AB7B304}"
EndProject
Project("{FAE04EC0-301F-11D3-BF4B-00C04F79EFBC}") = "Ignixa.FhirMappingLanguage", "src\Core\Ignixa.FhirMappingLanguage\Ignixa.FhirMappingLanguage.csproj", "{B8E12345-1111-2222-3333-444444444444}"
EndProject
Project("{FAE04EC0-301F-11D3-BF4B-00C04F79EFBC}") = "Ignixa.FhirMappingLanguage.Tests", "test\Ignixa.FhirMappingLanguage.Tests\Ignixa.FhirMappingLanguage.Tests.csproj", "{B8E12345-5555-6666-7777-888888888888}"
EndProject
Project("{FAE04EC0-301F-11D3-BF4B-00C04F79EFBC}") = "Ignixa.SqlOnFhir", "src\Core\Ignixa.SqlOnFhir\Ignixa.SqlOnFhir.csproj", "{2D584F39-B573-4314-9853-86531D633918}"
EndProject
Project("{FAE04EC0-301F-11D3-BF4B-00C04F79EFBC}") = "Ignixa.SqlOnFhir.Tests", "test\Ignixa.SqlOnFhir.Tests\Ignixa.SqlOnFhir.Tests.csproj", "{6EDA50E1-5817-4B03-AFA1-EFACA8549087}"
EndProject
Project("{FAE04EC0-301F-11D3-BF4B-00C04F79EFBC}") = "Ignixa.Abstractions", "src\Core\Ignixa.Abstractions\Ignixa.Abstractions.csproj", "{D5354C86-98F8-4488-AEF4-738BD35CDEE2}"
EndProject
Project("{FAE04EC0-301F-11D3-BF4B-00C04F79EFBC}") = "Ignixa.PackageManagement", "src\Core\Ignixa.PackageManagement\Ignixa.PackageManagement.csproj", "{D62AAF79-C7D4-4002-BE91-38FFC458DD59}"
EndProject
Project("{FAE04EC0-301F-11D3-BF4B-00C04F79EFBC}") = "Ignixa.PackageManagement.Tests", "test\Ignixa.PackageManagement.Tests\Ignixa.PackageManagement.Tests.csproj", "{3B85ADED-AC56-46EF-8DAA-6E1283B5BE72}"
EndProject
Project("{FAE04EC0-301F-11D3-BF4B-00C04F79EFBC}") = "Ignixa.Extensions.FirelySdk6", "src\Core\Extensions\Ignixa.Extensions.FirelySdk6\Ignixa.Extensions.FirelySdk6.csproj", "{C282DC1F-6F99-4A9F-8639-C0885D2C820A}"
EndProject
Project("{2150E333-8FDC-42A3-9474-1A3956D46DE8}") = "Extensions", "Extensions", "{5413DD8F-4CB6-48E7-8289-E76063861D4B}"
EndProject
Project("{FAE04EC0-301F-11D3-BF4B-00C04F79EFBC}") = "Ignixa.Extensions.Tests", "test\Ignixa.Extensions.Tests\Ignixa.Extensions.Tests.csproj", "{E33026F5-67A4-43BF-9611-31D6C8B721BD}"
EndProject
Project("{FAE04EC0-301F-11D3-BF4B-00C04F79EFBC}") = "Ignixa.Extensions.FirelySdk5", "src\Core\Extensions\Ignixa.Extensions.FirelySdk5\Ignixa.Extensions.FirelySdk5.csproj", "{FE11D059-0FCB-497B-8C92-3A27B9083174}"
EndProject
Project("{FAE04EC0-301F-11D3-BF4B-00C04F79EFBC}") = "Ignixa.FhirFakes", "src\Core\Ignixa.FhirFakes\Ignixa.FhirFakes.csproj", "{9F3A8B1D-E5C7-4D9F-A8E1-2B4C5D6E7F8A}"
EndProject
Project("{FAE04EC0-301F-11D3-BF4B-00C04F79EFBC}") = "Ignixa.Api.E2ETests", "test\Ignixa.Api.E2ETests\Ignixa.Api.E2ETests.csproj", "{8AE810CB-2A3B-465F-A157-365FADA69B01}"
EndProject
Project("{FAE04EC0-301F-11D3-BF4B-00C04F79EFBC}") = "Ignixa.FhirFakes.Tests", "test\Ignixa.FhirFakes.Tests\Ignixa.FhirFakes.Tests.csproj", "{7B4E8A9F-2D3C-4F1E-9A8B-6C5D4E3F2A1B}"
EndProject
Project("{2150E333-8FDC-42A3-9474-1A3956D46DE8}") = "tools", "tools", "{07C2787E-EAC7-C090-1BA3-A61EC2A24D84}"
EndProject
Project("{FAE04EC0-301F-11D3-BF4B-00C04F79EFBC}") = "Ignixa.FhirFakes.Cli", "tools\Ignixa.FhirFakes.Cli\Ignixa.FhirFakes.Cli.csproj", "{84867122-AFA7-44D7-BCF2-41610208FC42}"
EndProject
Project("{FAE04EC0-301F-11D3-BF4B-00C04F79EFBC}") = "Ignixa.FhirFakes.Cli.Tests", "test\Ignixa.FhirFakes.Cli.Tests\Ignixa.FhirFakes.Cli.Tests.csproj", "{2A65D560-F51D-4589-AA05-B4EDEAD544F6}"
EndProject
Project("{FAE04EC0-301F-11D3-BF4B-00C04F79EFBC}") = "Ignixa.Validation.Cli", "tools\Ignixa.Validation.Cli\Ignixa.Validation.Cli.csproj", "{F00B1966-D64A-46D5-87E5-744343A163A9}"
EndProject
Project("{FAE04EC0-301F-11D3-BF4B-00C04F79EFBC}") = "Ignixa.Validation.Cli.Tests", "test\Ignixa.Validation.Cli.Tests\Ignixa.Validation.Cli.Tests.csproj", "{B480199C-2FB7-4D0A-B740-5D0D68F6908B}"
EndProject
Project("{FAE04EC0-301F-11D3-BF4B-00C04F79EFBC}") = "Ignixa.SqlOnFhir.Writers", "src\Core\Ignixa.SqlOnFhir.Writers\Ignixa.SqlOnFhir.Writers.csproj", "{627AB02D-A661-48B3-A614-7CE31472F9C3}"
EndProject
Project("{FAE04EC0-301F-11D3-BF4B-00C04F79EFBC}") = "Ignixa.SqlOnFhir.Cli", "tools\Ignixa.SqlOnFhir.Cli\Ignixa.SqlOnFhir.Cli.csproj", "{1AD75E11-43DB-4B66-86FD-FA710EF5DE98}"
EndProject
Project("{FAE04EC0-301F-11D3-BF4B-00C04F79EFBC}") = "Ignixa.Web", "src\Application\Ignixa.Web\Ignixa.Web.csproj", "{6E378004-2030-492A-9E9B-F8A7B3256E12}"
EndProject
Project("{FAE04EC0-301F-11D3-BF4B-00C04F79EFBC}") = "Ignixa.Api.OpenIddict", "src\Application\Ignixa.Api.OpenIddict\Ignixa.Api.OpenIddict.csproj", "{80580F9D-FB5D-4817-8B13-6858562F887C}"
EndProject
Project("{FAE04EC0-301F-11D3-BF4B-00C04F79EFBC}") = "Ignixa.Sidecar.Contracts", "src\Application\Ignixa.Sidecar.Contracts\Ignixa.Sidecar.Contracts.csproj", "{5B5B1329-8C4C-4F1C-99ED-1A981DE9C83F}"
EndProject
Project("{FAE04EC0-301F-11D3-BF4B-00C04F79EFBC}") = "Ignixa.NarrativeGenerator", "src\Core\Ignixa.NarrativeGenerator\Ignixa.NarrativeGenerator.csproj", "{10F09A74-A782-49E4-AE9D-AD4C90D287E5}"
EndProject
Project("{FAE04EC0-301F-11D3-BF4B-00C04F79EFBC}") = "Ignixa.NarrativeGenerator.Tests", "test\Ignixa.NarrativeGenerator.Tests\Ignixa.NarrativeGenerator.Tests.csproj", "{B612BA93-8F73-4F00-ACBA-9838A069B267}"
EndProject
Project("{FAE04EC0-301F-11D3-BF4B-00C04F79EFBC}") = "Ignixa.Application.Experimental.Tests", "test\Ignixa.Application.Experimental.Tests\Ignixa.Application.Experimental.Tests.csproj", "{1810C8F8-2FBD-4703-8EFF-11B46E74F267}"
EndProject
Project("{FAE04EC0-301F-11D3-BF4B-00C04F79EFBC}") = "Ignixa.Conformance.Events", "src\Application\Ignixa.Conformance.Events\Ignixa.Conformance.Events.csproj", "{26C9C7EA-15FF-4047-BE04-58EC7BE39D07}"
EndProject
Project("{2150E333-8FDC-42A3-9474-1A3956D46DE8}") = "Generators", "Generators", "{FBF56CC3-7AE6-AD2D-3F14-7F97FD322CD6}"
EndProject
Project("{FAE04EC0-301F-11D3-BF4B-00C04F79EFBC}") = "Ignixa.FhirPath.Generators", "src\Core\Ignixa.FhirPath.Generators\Ignixa.FhirPath.Generators.csproj", "{4C5658BD-E722-416E-8713-817E6E27BE96}"
EndProject
Project("{FAE04EC0-301F-11D3-BF4B-00C04F79EFBC}") = "Ignixa.Analyzers", "src\Core\Ignixa.Analyzers\Ignixa.Analyzers.csproj", "{65F6475D-AEFC-41CA-B45B-214C565F5C28}"
EndProject
Project("{FAE04EC0-301F-11D3-BF4B-00C04F79EFBC}") = "Ignixa.Analyzers.CodeFixes", "src\Core\Ignixa.Analyzers.CodeFixes\Ignixa.Analyzers.CodeFixes.csproj", "{80F15327-DE51-4C42-9016-453F438FDC45}"
EndProject
Global
	GlobalSection(SolutionConfigurationPlatforms) = preSolution
		Debug|Any CPU = Debug|Any CPU
		Debug|x64 = Debug|x64
		Debug|x86 = Debug|x86
		Release|Any CPU = Release|Any CPU
		Release|x64 = Release|x64
		Release|x86 = Release|x86
	EndGlobalSection
	GlobalSection(ProjectConfigurationPlatforms) = postSolution
		{CBAC04FB-F384-450D-86BD-651FB920672C}.Debug|Any CPU.ActiveCfg = Debug|Any CPU
		{CBAC04FB-F384-450D-86BD-651FB920672C}.Debug|Any CPU.Build.0 = Debug|Any CPU
		{CBAC04FB-F384-450D-86BD-651FB920672C}.Debug|x64.ActiveCfg = Debug|Any CPU
		{CBAC04FB-F384-450D-86BD-651FB920672C}.Debug|x64.Build.0 = Debug|Any CPU
		{CBAC04FB-F384-450D-86BD-651FB920672C}.Debug|x86.ActiveCfg = Debug|Any CPU
		{CBAC04FB-F384-450D-86BD-651FB920672C}.Debug|x86.Build.0 = Debug|Any CPU
		{CBAC04FB-F384-450D-86BD-651FB920672C}.Release|Any CPU.ActiveCfg = Release|Any CPU
		{CBAC04FB-F384-450D-86BD-651FB920672C}.Release|Any CPU.Build.0 = Release|Any CPU
		{CBAC04FB-F384-450D-86BD-651FB920672C}.Release|x64.ActiveCfg = Release|Any CPU
		{CBAC04FB-F384-450D-86BD-651FB920672C}.Release|x64.Build.0 = Release|Any CPU
		{CBAC04FB-F384-450D-86BD-651FB920672C}.Release|x86.ActiveCfg = Release|Any CPU
		{CBAC04FB-F384-450D-86BD-651FB920672C}.Release|x86.Build.0 = Release|Any CPU
		{817ACD8E-4EC0-48DF-8AFC-232ADEB168CE}.Debug|Any CPU.ActiveCfg = Debug|Any CPU
		{817ACD8E-4EC0-48DF-8AFC-232ADEB168CE}.Debug|Any CPU.Build.0 = Debug|Any CPU
		{817ACD8E-4EC0-48DF-8AFC-232ADEB168CE}.Debug|x64.ActiveCfg = Debug|Any CPU
		{817ACD8E-4EC0-48DF-8AFC-232ADEB168CE}.Debug|x64.Build.0 = Debug|Any CPU
		{817ACD8E-4EC0-48DF-8AFC-232ADEB168CE}.Debug|x86.ActiveCfg = Debug|Any CPU
		{817ACD8E-4EC0-48DF-8AFC-232ADEB168CE}.Debug|x86.Build.0 = Debug|Any CPU
		{817ACD8E-4EC0-48DF-8AFC-232ADEB168CE}.Release|Any CPU.ActiveCfg = Release|Any CPU
		{817ACD8E-4EC0-48DF-8AFC-232ADEB168CE}.Release|Any CPU.Build.0 = Release|Any CPU
		{817ACD8E-4EC0-48DF-8AFC-232ADEB168CE}.Release|x64.ActiveCfg = Release|Any CPU
		{817ACD8E-4EC0-48DF-8AFC-232ADEB168CE}.Release|x64.Build.0 = Release|Any CPU
		{817ACD8E-4EC0-48DF-8AFC-232ADEB168CE}.Release|x86.ActiveCfg = Release|Any CPU
		{817ACD8E-4EC0-48DF-8AFC-232ADEB168CE}.Release|x86.Build.0 = Release|Any CPU
		{73ACFCE5-F840-42F1-8382-DDFAF74529AF}.Debug|Any CPU.ActiveCfg = Debug|Any CPU
		{73ACFCE5-F840-42F1-8382-DDFAF74529AF}.Debug|Any CPU.Build.0 = Debug|Any CPU
		{73ACFCE5-F840-42F1-8382-DDFAF74529AF}.Debug|x64.ActiveCfg = Debug|Any CPU
		{73ACFCE5-F840-42F1-8382-DDFAF74529AF}.Debug|x64.Build.0 = Debug|Any CPU
		{73ACFCE5-F840-42F1-8382-DDFAF74529AF}.Debug|x86.ActiveCfg = Debug|Any CPU
		{73ACFCE5-F840-42F1-8382-DDFAF74529AF}.Debug|x86.Build.0 = Debug|Any CPU
		{73ACFCE5-F840-42F1-8382-DDFAF74529AF}.Release|Any CPU.ActiveCfg = Release|Any CPU
		{73ACFCE5-F840-42F1-8382-DDFAF74529AF}.Release|Any CPU.Build.0 = Release|Any CPU
		{73ACFCE5-F840-42F1-8382-DDFAF74529AF}.Release|x64.ActiveCfg = Release|Any CPU
		{73ACFCE5-F840-42F1-8382-DDFAF74529AF}.Release|x64.Build.0 = Release|Any CPU
		{73ACFCE5-F840-42F1-8382-DDFAF74529AF}.Release|x86.ActiveCfg = Release|Any CPU
		{73ACFCE5-F840-42F1-8382-DDFAF74529AF}.Release|x86.Build.0 = Release|Any CPU
		{52C9E4FE-4CC1-411B-9D1C-454463B53D9A}.Debug|Any CPU.ActiveCfg = Debug|Any CPU
		{52C9E4FE-4CC1-411B-9D1C-454463B53D9A}.Debug|Any CPU.Build.0 = Debug|Any CPU
		{52C9E4FE-4CC1-411B-9D1C-454463B53D9A}.Debug|x64.ActiveCfg = Debug|Any CPU
		{52C9E4FE-4CC1-411B-9D1C-454463B53D9A}.Debug|x64.Build.0 = Debug|Any CPU
		{52C9E4FE-4CC1-411B-9D1C-454463B53D9A}.Debug|x86.ActiveCfg = Debug|Any CPU
		{52C9E4FE-4CC1-411B-9D1C-454463B53D9A}.Debug|x86.Build.0 = Debug|Any CPU
		{52C9E4FE-4CC1-411B-9D1C-454463B53D9A}.Release|Any CPU.ActiveCfg = Release|Any CPU
		{52C9E4FE-4CC1-411B-9D1C-454463B53D9A}.Release|Any CPU.Build.0 = Release|Any CPU
		{52C9E4FE-4CC1-411B-9D1C-454463B53D9A}.Release|x64.ActiveCfg = Release|Any CPU
		{52C9E4FE-4CC1-411B-9D1C-454463B53D9A}.Release|x64.Build.0 = Release|Any CPU
		{52C9E4FE-4CC1-411B-9D1C-454463B53D9A}.Release|x86.ActiveCfg = Release|Any CPU
		{52C9E4FE-4CC1-411B-9D1C-454463B53D9A}.Release|x86.Build.0 = Release|Any CPU
		{273139D4-CF7F-4C85-8508-1CDAEAC37AA4}.Debug|Any CPU.ActiveCfg = Debug|Any CPU
		{273139D4-CF7F-4C85-8508-1CDAEAC37AA4}.Debug|Any CPU.Build.0 = Debug|Any CPU
		{273139D4-CF7F-4C85-8508-1CDAEAC37AA4}.Debug|x64.ActiveCfg = Debug|Any CPU
		{273139D4-CF7F-4C85-8508-1CDAEAC37AA4}.Debug|x64.Build.0 = Debug|Any CPU
		{273139D4-CF7F-4C85-8508-1CDAEAC37AA4}.Debug|x86.ActiveCfg = Debug|Any CPU
		{273139D4-CF7F-4C85-8508-1CDAEAC37AA4}.Debug|x86.Build.0 = Debug|Any CPU
		{273139D4-CF7F-4C85-8508-1CDAEAC37AA4}.Release|Any CPU.ActiveCfg = Release|Any CPU
		{273139D4-CF7F-4C85-8508-1CDAEAC37AA4}.Release|Any CPU.Build.0 = Release|Any CPU
		{273139D4-CF7F-4C85-8508-1CDAEAC37AA4}.Release|x64.ActiveCfg = Release|Any CPU
		{273139D4-CF7F-4C85-8508-1CDAEAC37AA4}.Release|x64.Build.0 = Release|Any CPU
		{273139D4-CF7F-4C85-8508-1CDAEAC37AA4}.Release|x86.ActiveCfg = Release|Any CPU
		{273139D4-CF7F-4C85-8508-1CDAEAC37AA4}.Release|x86.Build.0 = Release|Any CPU
		{999C64CD-7D66-4F0D-A74C-BCC043176DF4}.Debug|Any CPU.ActiveCfg = Debug|Any CPU
		{999C64CD-7D66-4F0D-A74C-BCC043176DF4}.Debug|Any CPU.Build.0 = Debug|Any CPU
		{999C64CD-7D66-4F0D-A74C-BCC043176DF4}.Debug|x64.ActiveCfg = Debug|Any CPU
		{999C64CD-7D66-4F0D-A74C-BCC043176DF4}.Debug|x64.Build.0 = Debug|Any CPU
		{999C64CD-7D66-4F0D-A74C-BCC043176DF4}.Debug|x86.ActiveCfg = Debug|Any CPU
		{999C64CD-7D66-4F0D-A74C-BCC043176DF4}.Debug|x86.Build.0 = Debug|Any CPU
		{999C64CD-7D66-4F0D-A74C-BCC043176DF4}.Release|Any CPU.ActiveCfg = Release|Any CPU
		{999C64CD-7D66-4F0D-A74C-BCC043176DF4}.Release|Any CPU.Build.0 = Release|Any CPU
		{999C64CD-7D66-4F0D-A74C-BCC043176DF4}.Release|x64.ActiveCfg = Release|Any CPU
		{999C64CD-7D66-4F0D-A74C-BCC043176DF4}.Release|x64.Build.0 = Release|Any CPU
		{999C64CD-7D66-4F0D-A74C-BCC043176DF4}.Release|x86.ActiveCfg = Release|Any CPU
		{999C64CD-7D66-4F0D-A74C-BCC043176DF4}.Release|x86.Build.0 = Release|Any CPU
		{6E30F2C0-2751-4D2A-8697-E43AE77018F1}.Debug|Any CPU.ActiveCfg = Debug|Any CPU
		{6E30F2C0-2751-4D2A-8697-E43AE77018F1}.Debug|Any CPU.Build.0 = Debug|Any CPU
		{6E30F2C0-2751-4D2A-8697-E43AE77018F1}.Debug|x64.ActiveCfg = Debug|Any CPU
		{6E30F2C0-2751-4D2A-8697-E43AE77018F1}.Debug|x64.Build.0 = Debug|Any CPU
		{6E30F2C0-2751-4D2A-8697-E43AE77018F1}.Debug|x86.ActiveCfg = Debug|Any CPU
		{6E30F2C0-2751-4D2A-8697-E43AE77018F1}.Debug|x86.Build.0 = Debug|Any CPU
		{6E30F2C0-2751-4D2A-8697-E43AE77018F1}.Release|Any CPU.ActiveCfg = Release|Any CPU
		{6E30F2C0-2751-4D2A-8697-E43AE77018F1}.Release|Any CPU.Build.0 = Release|Any CPU
		{6E30F2C0-2751-4D2A-8697-E43AE77018F1}.Release|x64.ActiveCfg = Release|Any CPU
		{6E30F2C0-2751-4D2A-8697-E43AE77018F1}.Release|x64.Build.0 = Release|Any CPU
		{6E30F2C0-2751-4D2A-8697-E43AE77018F1}.Release|x86.ActiveCfg = Release|Any CPU
		{6E30F2C0-2751-4D2A-8697-E43AE77018F1}.Release|x86.Build.0 = Release|Any CPU
		{A39EBDE9-F557-4461-BAFF-7BF8F3ABCA8B}.Debug|Any CPU.ActiveCfg = Debug|Any CPU
		{A39EBDE9-F557-4461-BAFF-7BF8F3ABCA8B}.Debug|Any CPU.Build.0 = Debug|Any CPU
		{A39EBDE9-F557-4461-BAFF-7BF8F3ABCA8B}.Debug|x64.ActiveCfg = Debug|Any CPU
		{A39EBDE9-F557-4461-BAFF-7BF8F3ABCA8B}.Debug|x64.Build.0 = Debug|Any CPU
		{A39EBDE9-F557-4461-BAFF-7BF8F3ABCA8B}.Debug|x86.ActiveCfg = Debug|Any CPU
		{A39EBDE9-F557-4461-BAFF-7BF8F3ABCA8B}.Debug|x86.Build.0 = Debug|Any CPU
		{A39EBDE9-F557-4461-BAFF-7BF8F3ABCA8B}.Release|Any CPU.ActiveCfg = Release|Any CPU
		{A39EBDE9-F557-4461-BAFF-7BF8F3ABCA8B}.Release|Any CPU.Build.0 = Release|Any CPU
		{A39EBDE9-F557-4461-BAFF-7BF8F3ABCA8B}.Release|x64.ActiveCfg = Release|Any CPU
		{A39EBDE9-F557-4461-BAFF-7BF8F3ABCA8B}.Release|x64.Build.0 = Release|Any CPU
		{A39EBDE9-F557-4461-BAFF-7BF8F3ABCA8B}.Release|x86.ActiveCfg = Release|Any CPU
		{A39EBDE9-F557-4461-BAFF-7BF8F3ABCA8B}.Release|x86.Build.0 = Release|Any CPU
		{D8408542-07AD-492E-AD47-332DF415BAE3}.Debug|Any CPU.ActiveCfg = Debug|Any CPU
		{D8408542-07AD-492E-AD47-332DF415BAE3}.Debug|Any CPU.Build.0 = Debug|Any CPU
		{D8408542-07AD-492E-AD47-332DF415BAE3}.Debug|x64.ActiveCfg = Debug|Any CPU
		{D8408542-07AD-492E-AD47-332DF415BAE3}.Debug|x64.Build.0 = Debug|Any CPU
		{D8408542-07AD-492E-AD47-332DF415BAE3}.Debug|x86.ActiveCfg = Debug|Any CPU
		{D8408542-07AD-492E-AD47-332DF415BAE3}.Debug|x86.Build.0 = Debug|Any CPU
		{D8408542-07AD-492E-AD47-332DF415BAE3}.Release|Any CPU.ActiveCfg = Release|Any CPU
		{D8408542-07AD-492E-AD47-332DF415BAE3}.Release|Any CPU.Build.0 = Release|Any CPU
		{D8408542-07AD-492E-AD47-332DF415BAE3}.Release|x64.ActiveCfg = Release|Any CPU
		{D8408542-07AD-492E-AD47-332DF415BAE3}.Release|x64.Build.0 = Release|Any CPU
		{D8408542-07AD-492E-AD47-332DF415BAE3}.Release|x86.ActiveCfg = Release|Any CPU
		{D8408542-07AD-492E-AD47-332DF415BAE3}.Release|x86.Build.0 = Release|Any CPU
		{F326E4BD-4AE4-4756-85B5-EB31FC650D6F}.Debug|Any CPU.ActiveCfg = Debug|Any CPU
		{F326E4BD-4AE4-4756-85B5-EB31FC650D6F}.Debug|Any CPU.Build.0 = Debug|Any CPU
		{F326E4BD-4AE4-4756-85B5-EB31FC650D6F}.Debug|x64.ActiveCfg = Debug|Any CPU
		{F326E4BD-4AE4-4756-85B5-EB31FC650D6F}.Debug|x64.Build.0 = Debug|Any CPU
		{F326E4BD-4AE4-4756-85B5-EB31FC650D6F}.Debug|x86.ActiveCfg = Debug|Any CPU
		{F326E4BD-4AE4-4756-85B5-EB31FC650D6F}.Debug|x86.Build.0 = Debug|Any CPU
		{F326E4BD-4AE4-4756-85B5-EB31FC650D6F}.Release|Any CPU.ActiveCfg = Release|Any CPU
		{F326E4BD-4AE4-4756-85B5-EB31FC650D6F}.Release|Any CPU.Build.0 = Release|Any CPU
		{F326E4BD-4AE4-4756-85B5-EB31FC650D6F}.Release|x64.ActiveCfg = Release|Any CPU
		{F326E4BD-4AE4-4756-85B5-EB31FC650D6F}.Release|x64.Build.0 = Release|Any CPU
		{F326E4BD-4AE4-4756-85B5-EB31FC650D6F}.Release|x86.ActiveCfg = Release|Any CPU
		{F326E4BD-4AE4-4756-85B5-EB31FC650D6F}.Release|x86.Build.0 = Release|Any CPU
		{12496AA6-CA27-442E-9A67-0417FE38EEFC}.Debug|Any CPU.ActiveCfg = Debug|Any CPU
		{12496AA6-CA27-442E-9A67-0417FE38EEFC}.Debug|Any CPU.Build.0 = Debug|Any CPU
		{12496AA6-CA27-442E-9A67-0417FE38EEFC}.Debug|x64.ActiveCfg = Debug|Any CPU
		{12496AA6-CA27-442E-9A67-0417FE38EEFC}.Debug|x64.Build.0 = Debug|Any CPU
		{12496AA6-CA27-442E-9A67-0417FE38EEFC}.Debug|x86.ActiveCfg = Debug|Any CPU
		{12496AA6-CA27-442E-9A67-0417FE38EEFC}.Debug|x86.Build.0 = Debug|Any CPU
		{12496AA6-CA27-442E-9A67-0417FE38EEFC}.Release|Any CPU.ActiveCfg = Release|Any CPU
		{12496AA6-CA27-442E-9A67-0417FE38EEFC}.Release|Any CPU.Build.0 = Release|Any CPU
		{12496AA6-CA27-442E-9A67-0417FE38EEFC}.Release|x64.ActiveCfg = Release|Any CPU
		{12496AA6-CA27-442E-9A67-0417FE38EEFC}.Release|x64.Build.0 = Release|Any CPU
		{12496AA6-CA27-442E-9A67-0417FE38EEFC}.Release|x86.ActiveCfg = Release|Any CPU
		{12496AA6-CA27-442E-9A67-0417FE38EEFC}.Release|x86.Build.0 = Release|Any CPU
		{F6F5D9E6-8F04-4F23-99F8-C6857C6BBE2E}.Debug|Any CPU.ActiveCfg = Debug|Any CPU
		{F6F5D9E6-8F04-4F23-99F8-C6857C6BBE2E}.Debug|Any CPU.Build.0 = Debug|Any CPU
		{F6F5D9E6-8F04-4F23-99F8-C6857C6BBE2E}.Debug|x64.ActiveCfg = Debug|Any CPU
		{F6F5D9E6-8F04-4F23-99F8-C6857C6BBE2E}.Debug|x64.Build.0 = Debug|Any CPU
		{F6F5D9E6-8F04-4F23-99F8-C6857C6BBE2E}.Debug|x86.ActiveCfg = Debug|Any CPU
		{F6F5D9E6-8F04-4F23-99F8-C6857C6BBE2E}.Debug|x86.Build.0 = Debug|Any CPU
		{F6F5D9E6-8F04-4F23-99F8-C6857C6BBE2E}.Release|Any CPU.ActiveCfg = Release|Any CPU
		{F6F5D9E6-8F04-4F23-99F8-C6857C6BBE2E}.Release|Any CPU.Build.0 = Release|Any CPU
		{F6F5D9E6-8F04-4F23-99F8-C6857C6BBE2E}.Release|x64.ActiveCfg = Release|Any CPU
		{F6F5D9E6-8F04-4F23-99F8-C6857C6BBE2E}.Release|x64.Build.0 = Release|Any CPU
		{F6F5D9E6-8F04-4F23-99F8-C6857C6BBE2E}.Release|x86.ActiveCfg = Release|Any CPU
		{F6F5D9E6-8F04-4F23-99F8-C6857C6BBE2E}.Release|x86.Build.0 = Release|Any CPU
		{1C8E45E1-D24D-42A7-9034-160992AE3823}.Debug|Any CPU.ActiveCfg = Debug|Any CPU
		{1C8E45E1-D24D-42A7-9034-160992AE3823}.Debug|Any CPU.Build.0 = Debug|Any CPU
		{1C8E45E1-D24D-42A7-9034-160992AE3823}.Debug|x64.ActiveCfg = Debug|Any CPU
		{1C8E45E1-D24D-42A7-9034-160992AE3823}.Debug|x64.Build.0 = Debug|Any CPU
		{1C8E45E1-D24D-42A7-9034-160992AE3823}.Debug|x86.ActiveCfg = Debug|Any CPU
		{1C8E45E1-D24D-42A7-9034-160992AE3823}.Debug|x86.Build.0 = Debug|Any CPU
		{1C8E45E1-D24D-42A7-9034-160992AE3823}.Release|Any CPU.ActiveCfg = Release|Any CPU
		{1C8E45E1-D24D-42A7-9034-160992AE3823}.Release|Any CPU.Build.0 = Release|Any CPU
		{1C8E45E1-D24D-42A7-9034-160992AE3823}.Release|x64.ActiveCfg = Release|Any CPU
		{1C8E45E1-D24D-42A7-9034-160992AE3823}.Release|x64.Build.0 = Release|Any CPU
		{1C8E45E1-D24D-42A7-9034-160992AE3823}.Release|x86.ActiveCfg = Release|Any CPU
		{1C8E45E1-D24D-42A7-9034-160992AE3823}.Release|x86.Build.0 = Release|Any CPU
		{A42DB787-393B-4080-84F9-03C2DDE06C14}.Debug|Any CPU.ActiveCfg = Debug|Any CPU
		{A42DB787-393B-4080-84F9-03C2DDE06C14}.Debug|Any CPU.Build.0 = Debug|Any CPU
		{A42DB787-393B-4080-84F9-03C2DDE06C14}.Debug|x64.ActiveCfg = Debug|Any CPU
		{A42DB787-393B-4080-84F9-03C2DDE06C14}.Debug|x64.Build.0 = Debug|Any CPU
		{A42DB787-393B-4080-84F9-03C2DDE06C14}.Debug|x86.ActiveCfg = Debug|Any CPU
		{A42DB787-393B-4080-84F9-03C2DDE06C14}.Debug|x86.Build.0 = Debug|Any CPU
		{A42DB787-393B-4080-84F9-03C2DDE06C14}.Release|Any CPU.ActiveCfg = Release|Any CPU
		{A42DB787-393B-4080-84F9-03C2DDE06C14}.Release|Any CPU.Build.0 = Release|Any CPU
		{A42DB787-393B-4080-84F9-03C2DDE06C14}.Release|x64.ActiveCfg = Release|Any CPU
		{A42DB787-393B-4080-84F9-03C2DDE06C14}.Release|x64.Build.0 = Release|Any CPU
		{A42DB787-393B-4080-84F9-03C2DDE06C14}.Release|x86.ActiveCfg = Release|Any CPU
		{A42DB787-393B-4080-84F9-03C2DDE06C14}.Release|x86.Build.0 = Release|Any CPU
		{6D7B9490-CB5B-43E2-B149-C6CA54C18502}.Debug|Any CPU.ActiveCfg = Debug|Any CPU
		{6D7B9490-CB5B-43E2-B149-C6CA54C18502}.Debug|Any CPU.Build.0 = Debug|Any CPU
		{6D7B9490-CB5B-43E2-B149-C6CA54C18502}.Debug|x64.ActiveCfg = Debug|Any CPU
		{6D7B9490-CB5B-43E2-B149-C6CA54C18502}.Debug|x64.Build.0 = Debug|Any CPU
		{6D7B9490-CB5B-43E2-B149-C6CA54C18502}.Debug|x86.ActiveCfg = Debug|Any CPU
		{6D7B9490-CB5B-43E2-B149-C6CA54C18502}.Debug|x86.Build.0 = Debug|Any CPU
		{6D7B9490-CB5B-43E2-B149-C6CA54C18502}.Release|Any CPU.ActiveCfg = Release|Any CPU
		{6D7B9490-CB5B-43E2-B149-C6CA54C18502}.Release|Any CPU.Build.0 = Release|Any CPU
		{6D7B9490-CB5B-43E2-B149-C6CA54C18502}.Release|x64.ActiveCfg = Release|Any CPU
		{6D7B9490-CB5B-43E2-B149-C6CA54C18502}.Release|x64.Build.0 = Release|Any CPU
		{6D7B9490-CB5B-43E2-B149-C6CA54C18502}.Release|x86.ActiveCfg = Release|Any CPU
		{6D7B9490-CB5B-43E2-B149-C6CA54C18502}.Release|x86.Build.0 = Release|Any CPU
		{17F74AEE-ADC9-45ED-A27C-14B86AEE9B96}.Debug|Any CPU.ActiveCfg = Debug|Any CPU
		{17F74AEE-ADC9-45ED-A27C-14B86AEE9B96}.Debug|Any CPU.Build.0 = Debug|Any CPU
		{17F74AEE-ADC9-45ED-A27C-14B86AEE9B96}.Debug|x64.ActiveCfg = Debug|Any CPU
		{17F74AEE-ADC9-45ED-A27C-14B86AEE9B96}.Debug|x64.Build.0 = Debug|Any CPU
		{17F74AEE-ADC9-45ED-A27C-14B86AEE9B96}.Debug|x86.ActiveCfg = Debug|Any CPU
		{17F74AEE-ADC9-45ED-A27C-14B86AEE9B96}.Debug|x86.Build.0 = Debug|Any CPU
		{17F74AEE-ADC9-45ED-A27C-14B86AEE9B96}.Release|Any CPU.ActiveCfg = Release|Any CPU
		{17F74AEE-ADC9-45ED-A27C-14B86AEE9B96}.Release|Any CPU.Build.0 = Release|Any CPU
		{17F74AEE-ADC9-45ED-A27C-14B86AEE9B96}.Release|x64.ActiveCfg = Release|Any CPU
		{17F74AEE-ADC9-45ED-A27C-14B86AEE9B96}.Release|x64.Build.0 = Release|Any CPU
		{17F74AEE-ADC9-45ED-A27C-14B86AEE9B96}.Release|x86.ActiveCfg = Release|Any CPU
		{17F74AEE-ADC9-45ED-A27C-14B86AEE9B96}.Release|x86.Build.0 = Release|Any CPU
		{089356BA-B0B3-4363-B360-915EC45FAD72}.Debug|Any CPU.ActiveCfg = Debug|Any CPU
		{089356BA-B0B3-4363-B360-915EC45FAD72}.Debug|Any CPU.Build.0 = Debug|Any CPU
		{089356BA-B0B3-4363-B360-915EC45FAD72}.Debug|x64.ActiveCfg = Debug|Any CPU
		{089356BA-B0B3-4363-B360-915EC45FAD72}.Debug|x64.Build.0 = Debug|Any CPU
		{089356BA-B0B3-4363-B360-915EC45FAD72}.Debug|x86.ActiveCfg = Debug|Any CPU
		{089356BA-B0B3-4363-B360-915EC45FAD72}.Debug|x86.Build.0 = Debug|Any CPU
		{089356BA-B0B3-4363-B360-915EC45FAD72}.Release|Any CPU.ActiveCfg = Release|Any CPU
		{089356BA-B0B3-4363-B360-915EC45FAD72}.Release|Any CPU.Build.0 = Release|Any CPU
		{089356BA-B0B3-4363-B360-915EC45FAD72}.Release|x64.ActiveCfg = Release|Any CPU
		{089356BA-B0B3-4363-B360-915EC45FAD72}.Release|x64.Build.0 = Release|Any CPU
		{089356BA-B0B3-4363-B360-915EC45FAD72}.Release|x86.ActiveCfg = Release|Any CPU
		{089356BA-B0B3-4363-B360-915EC45FAD72}.Release|x86.Build.0 = Release|Any CPU
		{31E2CAAA-176E-41DC-AB32-2F0818E08122}.Debug|Any CPU.ActiveCfg = Debug|Any CPU
		{31E2CAAA-176E-41DC-AB32-2F0818E08122}.Debug|Any CPU.Build.0 = Debug|Any CPU
		{31E2CAAA-176E-41DC-AB32-2F0818E08122}.Debug|x64.ActiveCfg = Debug|Any CPU
		{31E2CAAA-176E-41DC-AB32-2F0818E08122}.Debug|x64.Build.0 = Debug|Any CPU
		{31E2CAAA-176E-41DC-AB32-2F0818E08122}.Debug|x86.ActiveCfg = Debug|Any CPU
		{31E2CAAA-176E-41DC-AB32-2F0818E08122}.Debug|x86.Build.0 = Debug|Any CPU
		{31E2CAAA-176E-41DC-AB32-2F0818E08122}.Release|Any CPU.ActiveCfg = Release|Any CPU
		{31E2CAAA-176E-41DC-AB32-2F0818E08122}.Release|Any CPU.Build.0 = Release|Any CPU
		{31E2CAAA-176E-41DC-AB32-2F0818E08122}.Release|x64.ActiveCfg = Release|Any CPU
		{31E2CAAA-176E-41DC-AB32-2F0818E08122}.Release|x64.Build.0 = Release|Any CPU
		{31E2CAAA-176E-41DC-AB32-2F0818E08122}.Release|x86.ActiveCfg = Release|Any CPU
		{31E2CAAA-176E-41DC-AB32-2F0818E08122}.Release|x86.Build.0 = Release|Any CPU
		{F450B9BC-9675-4940-A8F0-C8C75241091F}.Debug|Any CPU.ActiveCfg = Debug|Any CPU
		{F450B9BC-9675-4940-A8F0-C8C75241091F}.Debug|Any CPU.Build.0 = Debug|Any CPU
		{F450B9BC-9675-4940-A8F0-C8C75241091F}.Debug|x64.ActiveCfg = Debug|Any CPU
		{F450B9BC-9675-4940-A8F0-C8C75241091F}.Debug|x64.Build.0 = Debug|Any CPU
		{F450B9BC-9675-4940-A8F0-C8C75241091F}.Debug|x86.ActiveCfg = Debug|Any CPU
		{F450B9BC-9675-4940-A8F0-C8C75241091F}.Debug|x86.Build.0 = Debug|Any CPU
		{F450B9BC-9675-4940-A8F0-C8C75241091F}.Release|Any CPU.ActiveCfg = Release|Any CPU
		{F450B9BC-9675-4940-A8F0-C8C75241091F}.Release|Any CPU.Build.0 = Release|Any CPU
		{F450B9BC-9675-4940-A8F0-C8C75241091F}.Release|x64.ActiveCfg = Release|Any CPU
		{F450B9BC-9675-4940-A8F0-C8C75241091F}.Release|x64.Build.0 = Release|Any CPU
		{F450B9BC-9675-4940-A8F0-C8C75241091F}.Release|x86.ActiveCfg = Release|Any CPU
		{F450B9BC-9675-4940-A8F0-C8C75241091F}.Release|x86.Build.0 = Release|Any CPU
		{D5CB0BBA-7FB9-4D2D-800A-93965AB7B304}.Debug|Any CPU.ActiveCfg = Debug|Any CPU
		{D5CB0BBA-7FB9-4D2D-800A-93965AB7B304}.Debug|Any CPU.Build.0 = Debug|Any CPU
		{D5CB0BBA-7FB9-4D2D-800A-93965AB7B304}.Debug|x64.ActiveCfg = Debug|Any CPU
		{D5CB0BBA-7FB9-4D2D-800A-93965AB7B304}.Debug|x64.Build.0 = Debug|Any CPU
		{D5CB0BBA-7FB9-4D2D-800A-93965AB7B304}.Debug|x86.ActiveCfg = Debug|Any CPU
		{D5CB0BBA-7FB9-4D2D-800A-93965AB7B304}.Debug|x86.Build.0 = Debug|Any CPU
		{D5CB0BBA-7FB9-4D2D-800A-93965AB7B304}.Release|Any CPU.ActiveCfg = Release|Any CPU
		{D5CB0BBA-7FB9-4D2D-800A-93965AB7B304}.Release|Any CPU.Build.0 = Release|Any CPU
		{D5CB0BBA-7FB9-4D2D-800A-93965AB7B304}.Release|x64.ActiveCfg = Release|Any CPU
		{D5CB0BBA-7FB9-4D2D-800A-93965AB7B304}.Release|x64.Build.0 = Release|Any CPU
		{D5CB0BBA-7FB9-4D2D-800A-93965AB7B304}.Release|x86.ActiveCfg = Release|Any CPU
		{D5CB0BBA-7FB9-4D2D-800A-93965AB7B304}.Release|x86.Build.0 = Release|Any CPU
		{B8E12345-1111-2222-3333-444444444444}.Debug|Any CPU.ActiveCfg = Debug|Any CPU
		{B8E12345-1111-2222-3333-444444444444}.Debug|Any CPU.Build.0 = Debug|Any CPU
		{B8E12345-1111-2222-3333-444444444444}.Debug|x64.ActiveCfg = Debug|Any CPU
		{B8E12345-1111-2222-3333-444444444444}.Debug|x64.Build.0 = Debug|Any CPU
		{B8E12345-1111-2222-3333-444444444444}.Debug|x86.ActiveCfg = Debug|Any CPU
		{B8E12345-1111-2222-3333-444444444444}.Debug|x86.Build.0 = Debug|Any CPU
		{B8E12345-1111-2222-3333-444444444444}.Release|Any CPU.ActiveCfg = Release|Any CPU
		{B8E12345-1111-2222-3333-444444444444}.Release|Any CPU.Build.0 = Release|Any CPU
		{B8E12345-1111-2222-3333-444444444444}.Release|x64.ActiveCfg = Release|Any CPU
		{B8E12345-1111-2222-3333-444444444444}.Release|x64.Build.0 = Release|Any CPU
		{B8E12345-1111-2222-3333-444444444444}.Release|x86.ActiveCfg = Release|Any CPU
		{B8E12345-1111-2222-3333-444444444444}.Release|x86.Build.0 = Release|Any CPU
		{B8E12345-5555-6666-7777-888888888888}.Debug|Any CPU.ActiveCfg = Debug|Any CPU
		{B8E12345-5555-6666-7777-888888888888}.Debug|Any CPU.Build.0 = Debug|Any CPU
		{B8E12345-5555-6666-7777-888888888888}.Debug|x64.ActiveCfg = Debug|Any CPU
		{B8E12345-5555-6666-7777-888888888888}.Debug|x64.Build.0 = Debug|Any CPU
		{B8E12345-5555-6666-7777-888888888888}.Debug|x86.ActiveCfg = Debug|Any CPU
		{B8E12345-5555-6666-7777-888888888888}.Debug|x86.Build.0 = Debug|Any CPU
		{B8E12345-5555-6666-7777-888888888888}.Release|Any CPU.ActiveCfg = Release|Any CPU
		{B8E12345-5555-6666-7777-888888888888}.Release|Any CPU.Build.0 = Release|Any CPU
		{B8E12345-5555-6666-7777-888888888888}.Release|x64.ActiveCfg = Release|Any CPU
		{B8E12345-5555-6666-7777-888888888888}.Release|x64.Build.0 = Release|Any CPU
		{B8E12345-5555-6666-7777-888888888888}.Release|x86.ActiveCfg = Release|Any CPU
		{B8E12345-5555-6666-7777-888888888888}.Release|x86.Build.0 = Release|Any CPU
		{2D584F39-B573-4314-9853-86531D633918}.Debug|Any CPU.ActiveCfg = Debug|Any CPU
		{2D584F39-B573-4314-9853-86531D633918}.Debug|Any CPU.Build.0 = Debug|Any CPU
		{2D584F39-B573-4314-9853-86531D633918}.Debug|x64.ActiveCfg = Debug|Any CPU
		{2D584F39-B573-4314-9853-86531D633918}.Debug|x64.Build.0 = Debug|Any CPU
		{2D584F39-B573-4314-9853-86531D633918}.Debug|x86.ActiveCfg = Debug|Any CPU
		{2D584F39-B573-4314-9853-86531D633918}.Debug|x86.Build.0 = Debug|Any CPU
		{2D584F39-B573-4314-9853-86531D633918}.Release|Any CPU.ActiveCfg = Release|Any CPU
		{2D584F39-B573-4314-9853-86531D633918}.Release|Any CPU.Build.0 = Release|Any CPU
		{2D584F39-B573-4314-9853-86531D633918}.Release|x64.ActiveCfg = Release|Any CPU
		{2D584F39-B573-4314-9853-86531D633918}.Release|x64.Build.0 = Release|Any CPU
		{2D584F39-B573-4314-9853-86531D633918}.Release|x86.ActiveCfg = Release|Any CPU
		{2D584F39-B573-4314-9853-86531D633918}.Release|x86.Build.0 = Release|Any CPU
		{6EDA50E1-5817-4B03-AFA1-EFACA8549087}.Debug|Any CPU.ActiveCfg = Debug|Any CPU
		{6EDA50E1-5817-4B03-AFA1-EFACA8549087}.Debug|Any CPU.Build.0 = Debug|Any CPU
		{6EDA50E1-5817-4B03-AFA1-EFACA8549087}.Debug|x64.ActiveCfg = Debug|Any CPU
		{6EDA50E1-5817-4B03-AFA1-EFACA8549087}.Debug|x64.Build.0 = Debug|Any CPU
		{6EDA50E1-5817-4B03-AFA1-EFACA8549087}.Debug|x86.ActiveCfg = Debug|Any CPU
		{6EDA50E1-5817-4B03-AFA1-EFACA8549087}.Debug|x86.Build.0 = Debug|Any CPU
		{6EDA50E1-5817-4B03-AFA1-EFACA8549087}.Release|Any CPU.ActiveCfg = Release|Any CPU
		{6EDA50E1-5817-4B03-AFA1-EFACA8549087}.Release|Any CPU.Build.0 = Release|Any CPU
		{6EDA50E1-5817-4B03-AFA1-EFACA8549087}.Release|x64.ActiveCfg = Release|Any CPU
		{6EDA50E1-5817-4B03-AFA1-EFACA8549087}.Release|x64.Build.0 = Release|Any CPU
		{6EDA50E1-5817-4B03-AFA1-EFACA8549087}.Release|x86.ActiveCfg = Release|Any CPU
		{6EDA50E1-5817-4B03-AFA1-EFACA8549087}.Release|x86.Build.0 = Release|Any CPU
		{D5354C86-98F8-4488-AEF4-738BD35CDEE2}.Debug|Any CPU.ActiveCfg = Debug|Any CPU
		{D5354C86-98F8-4488-AEF4-738BD35CDEE2}.Debug|Any CPU.Build.0 = Debug|Any CPU
		{D5354C86-98F8-4488-AEF4-738BD35CDEE2}.Debug|x64.ActiveCfg = Debug|Any CPU
		{D5354C86-98F8-4488-AEF4-738BD35CDEE2}.Debug|x64.Build.0 = Debug|Any CPU
		{D5354C86-98F8-4488-AEF4-738BD35CDEE2}.Debug|x86.ActiveCfg = Debug|Any CPU
		{D5354C86-98F8-4488-AEF4-738BD35CDEE2}.Debug|x86.Build.0 = Debug|Any CPU
		{D5354C86-98F8-4488-AEF4-738BD35CDEE2}.Release|Any CPU.ActiveCfg = Release|Any CPU
		{D5354C86-98F8-4488-AEF4-738BD35CDEE2}.Release|Any CPU.Build.0 = Release|Any CPU
		{D5354C86-98F8-4488-AEF4-738BD35CDEE2}.Release|x64.ActiveCfg = Release|Any CPU
		{D5354C86-98F8-4488-AEF4-738BD35CDEE2}.Release|x64.Build.0 = Release|Any CPU
		{D5354C86-98F8-4488-AEF4-738BD35CDEE2}.Release|x86.ActiveCfg = Release|Any CPU
		{D5354C86-98F8-4488-AEF4-738BD35CDEE2}.Release|x86.Build.0 = Release|Any CPU
		{D62AAF79-C7D4-4002-BE91-38FFC458DD59}.Debug|Any CPU.ActiveCfg = Debug|Any CPU
		{D62AAF79-C7D4-4002-BE91-38FFC458DD59}.Debug|Any CPU.Build.0 = Debug|Any CPU
		{D62AAF79-C7D4-4002-BE91-38FFC458DD59}.Debug|x64.ActiveCfg = Debug|Any CPU
		{D62AAF79-C7D4-4002-BE91-38FFC458DD59}.Debug|x64.Build.0 = Debug|Any CPU
		{D62AAF79-C7D4-4002-BE91-38FFC458DD59}.Debug|x86.ActiveCfg = Debug|Any CPU
		{D62AAF79-C7D4-4002-BE91-38FFC458DD59}.Debug|x86.Build.0 = Debug|Any CPU
		{D62AAF79-C7D4-4002-BE91-38FFC458DD59}.Release|Any CPU.ActiveCfg = Release|Any CPU
		{D62AAF79-C7D4-4002-BE91-38FFC458DD59}.Release|Any CPU.Build.0 = Release|Any CPU
		{D62AAF79-C7D4-4002-BE91-38FFC458DD59}.Release|x64.ActiveCfg = Release|Any CPU
		{D62AAF79-C7D4-4002-BE91-38FFC458DD59}.Release|x64.Build.0 = Release|Any CPU
		{D62AAF79-C7D4-4002-BE91-38FFC458DD59}.Release|x86.ActiveCfg = Release|Any CPU
		{D62AAF79-C7D4-4002-BE91-38FFC458DD59}.Release|x86.Build.0 = Release|Any CPU
		{3B85ADED-AC56-46EF-8DAA-6E1283B5BE72}.Debug|Any CPU.ActiveCfg = Debug|Any CPU
		{3B85ADED-AC56-46EF-8DAA-6E1283B5BE72}.Debug|Any CPU.Build.0 = Debug|Any CPU
		{3B85ADED-AC56-46EF-8DAA-6E1283B5BE72}.Debug|x64.ActiveCfg = Debug|Any CPU
		{3B85ADED-AC56-46EF-8DAA-6E1283B5BE72}.Debug|x64.Build.0 = Debug|Any CPU
		{3B85ADED-AC56-46EF-8DAA-6E1283B5BE72}.Debug|x86.ActiveCfg = Debug|Any CPU
		{3B85ADED-AC56-46EF-8DAA-6E1283B5BE72}.Debug|x86.Build.0 = Debug|Any CPU
		{3B85ADED-AC56-46EF-8DAA-6E1283B5BE72}.Release|Any CPU.ActiveCfg = Release|Any CPU
		{3B85ADED-AC56-46EF-8DAA-6E1283B5BE72}.Release|Any CPU.Build.0 = Release|Any CPU
		{3B85ADED-AC56-46EF-8DAA-6E1283B5BE72}.Release|x64.ActiveCfg = Release|Any CPU
		{3B85ADED-AC56-46EF-8DAA-6E1283B5BE72}.Release|x64.Build.0 = Release|Any CPU
		{3B85ADED-AC56-46EF-8DAA-6E1283B5BE72}.Release|x86.ActiveCfg = Release|Any CPU
		{3B85ADED-AC56-46EF-8DAA-6E1283B5BE72}.Release|x86.Build.0 = Release|Any CPU
		{C282DC1F-6F99-4A9F-8639-C0885D2C820A}.Debug|Any CPU.ActiveCfg = Debug|Any CPU
		{C282DC1F-6F99-4A9F-8639-C0885D2C820A}.Debug|Any CPU.Build.0 = Debug|Any CPU
		{C282DC1F-6F99-4A9F-8639-C0885D2C820A}.Debug|x64.ActiveCfg = Debug|Any CPU
		{C282DC1F-6F99-4A9F-8639-C0885D2C820A}.Debug|x64.Build.0 = Debug|Any CPU
		{C282DC1F-6F99-4A9F-8639-C0885D2C820A}.Debug|x86.ActiveCfg = Debug|Any CPU
		{C282DC1F-6F99-4A9F-8639-C0885D2C820A}.Debug|x86.Build.0 = Debug|Any CPU
		{C282DC1F-6F99-4A9F-8639-C0885D2C820A}.Release|Any CPU.ActiveCfg = Release|Any CPU
		{C282DC1F-6F99-4A9F-8639-C0885D2C820A}.Release|Any CPU.Build.0 = Release|Any CPU
		{C282DC1F-6F99-4A9F-8639-C0885D2C820A}.Release|x64.ActiveCfg = Release|Any CPU
		{C282DC1F-6F99-4A9F-8639-C0885D2C820A}.Release|x64.Build.0 = Release|Any CPU
		{C282DC1F-6F99-4A9F-8639-C0885D2C820A}.Release|x86.ActiveCfg = Release|Any CPU
		{C282DC1F-6F99-4A9F-8639-C0885D2C820A}.Release|x86.Build.0 = Release|Any CPU
		{E33026F5-67A4-43BF-9611-31D6C8B721BD}.Debug|Any CPU.ActiveCfg = Debug|Any CPU
		{E33026F5-67A4-43BF-9611-31D6C8B721BD}.Debug|Any CPU.Build.0 = Debug|Any CPU
		{E33026F5-67A4-43BF-9611-31D6C8B721BD}.Debug|x64.ActiveCfg = Debug|Any CPU
		{E33026F5-67A4-43BF-9611-31D6C8B721BD}.Debug|x64.Build.0 = Debug|Any CPU
		{E33026F5-67A4-43BF-9611-31D6C8B721BD}.Debug|x86.ActiveCfg = Debug|Any CPU
		{E33026F5-67A4-43BF-9611-31D6C8B721BD}.Debug|x86.Build.0 = Debug|Any CPU
		{E33026F5-67A4-43BF-9611-31D6C8B721BD}.Release|Any CPU.ActiveCfg = Release|Any CPU
		{E33026F5-67A4-43BF-9611-31D6C8B721BD}.Release|Any CPU.Build.0 = Release|Any CPU
		{E33026F5-67A4-43BF-9611-31D6C8B721BD}.Release|x64.ActiveCfg = Release|Any CPU
		{E33026F5-67A4-43BF-9611-31D6C8B721BD}.Release|x64.Build.0 = Release|Any CPU
		{E33026F5-67A4-43BF-9611-31D6C8B721BD}.Release|x86.ActiveCfg = Release|Any CPU
		{E33026F5-67A4-43BF-9611-31D6C8B721BD}.Release|x86.Build.0 = Release|Any CPU
		{FE11D059-0FCB-497B-8C92-3A27B9083174}.Debug|Any CPU.ActiveCfg = Debug|Any CPU
		{FE11D059-0FCB-497B-8C92-3A27B9083174}.Debug|Any CPU.Build.0 = Debug|Any CPU
		{FE11D059-0FCB-497B-8C92-3A27B9083174}.Debug|x64.ActiveCfg = Debug|Any CPU
		{FE11D059-0FCB-497B-8C92-3A27B9083174}.Debug|x64.Build.0 = Debug|Any CPU
		{FE11D059-0FCB-497B-8C92-3A27B9083174}.Debug|x86.ActiveCfg = Debug|Any CPU
		{FE11D059-0FCB-497B-8C92-3A27B9083174}.Debug|x86.Build.0 = Debug|Any CPU
		{FE11D059-0FCB-497B-8C92-3A27B9083174}.Release|Any CPU.ActiveCfg = Release|Any CPU
		{FE11D059-0FCB-497B-8C92-3A27B9083174}.Release|Any CPU.Build.0 = Release|Any CPU
		{FE11D059-0FCB-497B-8C92-3A27B9083174}.Release|x64.ActiveCfg = Release|Any CPU
		{FE11D059-0FCB-497B-8C92-3A27B9083174}.Release|x64.Build.0 = Release|Any CPU
		{FE11D059-0FCB-497B-8C92-3A27B9083174}.Release|x86.ActiveCfg = Release|Any CPU
		{FE11D059-0FCB-497B-8C92-3A27B9083174}.Release|x86.Build.0 = Release|Any CPU
		{9F3A8B1D-E5C7-4D9F-A8E1-2B4C5D6E7F8A}.Debug|Any CPU.ActiveCfg = Debug|Any CPU
		{9F3A8B1D-E5C7-4D9F-A8E1-2B4C5D6E7F8A}.Debug|Any CPU.Build.0 = Debug|Any CPU
		{9F3A8B1D-E5C7-4D9F-A8E1-2B4C5D6E7F8A}.Debug|x64.ActiveCfg = Debug|Any CPU
		{9F3A8B1D-E5C7-4D9F-A8E1-2B4C5D6E7F8A}.Debug|x64.Build.0 = Debug|Any CPU
		{9F3A8B1D-E5C7-4D9F-A8E1-2B4C5D6E7F8A}.Debug|x86.ActiveCfg = Debug|Any CPU
		{9F3A8B1D-E5C7-4D9F-A8E1-2B4C5D6E7F8A}.Debug|x86.Build.0 = Debug|Any CPU
		{9F3A8B1D-E5C7-4D9F-A8E1-2B4C5D6E7F8A}.Release|Any CPU.ActiveCfg = Release|Any CPU
		{9F3A8B1D-E5C7-4D9F-A8E1-2B4C5D6E7F8A}.Release|Any CPU.Build.0 = Release|Any CPU
		{9F3A8B1D-E5C7-4D9F-A8E1-2B4C5D6E7F8A}.Release|x64.ActiveCfg = Release|Any CPU
		{9F3A8B1D-E5C7-4D9F-A8E1-2B4C5D6E7F8A}.Release|x64.Build.0 = Release|Any CPU
		{9F3A8B1D-E5C7-4D9F-A8E1-2B4C5D6E7F8A}.Release|x86.ActiveCfg = Release|Any CPU
		{9F3A8B1D-E5C7-4D9F-A8E1-2B4C5D6E7F8A}.Release|x86.Build.0 = Release|Any CPU
		{8AE810CB-2A3B-465F-A157-365FADA69B01}.Debug|Any CPU.ActiveCfg = Debug|Any CPU
		{8AE810CB-2A3B-465F-A157-365FADA69B01}.Debug|Any CPU.Build.0 = Debug|Any CPU
		{8AE810CB-2A3B-465F-A157-365FADA69B01}.Debug|x64.ActiveCfg = Debug|Any CPU
		{8AE810CB-2A3B-465F-A157-365FADA69B01}.Debug|x64.Build.0 = Debug|Any CPU
		{8AE810CB-2A3B-465F-A157-365FADA69B01}.Debug|x86.ActiveCfg = Debug|Any CPU
		{8AE810CB-2A3B-465F-A157-365FADA69B01}.Debug|x86.Build.0 = Debug|Any CPU
		{8AE810CB-2A3B-465F-A157-365FADA69B01}.Release|Any CPU.ActiveCfg = Release|Any CPU
		{8AE810CB-2A3B-465F-A157-365FADA69B01}.Release|Any CPU.Build.0 = Release|Any CPU
		{8AE810CB-2A3B-465F-A157-365FADA69B01}.Release|x64.ActiveCfg = Release|Any CPU
		{8AE810CB-2A3B-465F-A157-365FADA69B01}.Release|x64.Build.0 = Release|Any CPU
		{8AE810CB-2A3B-465F-A157-365FADA69B01}.Release|x86.ActiveCfg = Release|Any CPU
		{8AE810CB-2A3B-465F-A157-365FADA69B01}.Release|x86.Build.0 = Release|Any CPU
		{7B4E8A9F-2D3C-4F1E-9A8B-6C5D4E3F2A1B}.Debug|Any CPU.ActiveCfg = Debug|Any CPU
		{7B4E8A9F-2D3C-4F1E-9A8B-6C5D4E3F2A1B}.Debug|Any CPU.Build.0 = Debug|Any CPU
		{7B4E8A9F-2D3C-4F1E-9A8B-6C5D4E3F2A1B}.Debug|x64.ActiveCfg = Debug|Any CPU
		{7B4E8A9F-2D3C-4F1E-9A8B-6C5D4E3F2A1B}.Debug|x64.Build.0 = Debug|Any CPU
		{7B4E8A9F-2D3C-4F1E-9A8B-6C5D4E3F2A1B}.Debug|x86.ActiveCfg = Debug|Any CPU
		{7B4E8A9F-2D3C-4F1E-9A8B-6C5D4E3F2A1B}.Debug|x86.Build.0 = Debug|Any CPU
		{7B4E8A9F-2D3C-4F1E-9A8B-6C5D4E3F2A1B}.Release|Any CPU.ActiveCfg = Release|Any CPU
		{7B4E8A9F-2D3C-4F1E-9A8B-6C5D4E3F2A1B}.Release|Any CPU.Build.0 = Release|Any CPU
		{7B4E8A9F-2D3C-4F1E-9A8B-6C5D4E3F2A1B}.Release|x64.ActiveCfg = Release|Any CPU
		{7B4E8A9F-2D3C-4F1E-9A8B-6C5D4E3F2A1B}.Release|x64.Build.0 = Release|Any CPU
		{7B4E8A9F-2D3C-4F1E-9A8B-6C5D4E3F2A1B}.Release|x86.ActiveCfg = Release|Any CPU
		{7B4E8A9F-2D3C-4F1E-9A8B-6C5D4E3F2A1B}.Release|x86.Build.0 = Release|Any CPU
		{84867122-AFA7-44D7-BCF2-41610208FC42}.Debug|Any CPU.ActiveCfg = Debug|Any CPU
		{84867122-AFA7-44D7-BCF2-41610208FC42}.Debug|Any CPU.Build.0 = Debug|Any CPU
		{84867122-AFA7-44D7-BCF2-41610208FC42}.Debug|x64.ActiveCfg = Debug|Any CPU
		{84867122-AFA7-44D7-BCF2-41610208FC42}.Debug|x64.Build.0 = Debug|Any CPU
		{84867122-AFA7-44D7-BCF2-41610208FC42}.Debug|x86.ActiveCfg = Debug|Any CPU
		{84867122-AFA7-44D7-BCF2-41610208FC42}.Debug|x86.Build.0 = Debug|Any CPU
		{84867122-AFA7-44D7-BCF2-41610208FC42}.Release|Any CPU.ActiveCfg = Release|Any CPU
		{84867122-AFA7-44D7-BCF2-41610208FC42}.Release|Any CPU.Build.0 = Release|Any CPU
		{84867122-AFA7-44D7-BCF2-41610208FC42}.Release|x64.ActiveCfg = Release|Any CPU
		{84867122-AFA7-44D7-BCF2-41610208FC42}.Release|x64.Build.0 = Release|Any CPU
		{84867122-AFA7-44D7-BCF2-41610208FC42}.Release|x86.ActiveCfg = Release|Any CPU
		{84867122-AFA7-44D7-BCF2-41610208FC42}.Release|x86.Build.0 = Release|Any CPU
		{2A65D560-F51D-4589-AA05-B4EDEAD544F6}.Debug|Any CPU.ActiveCfg = Debug|Any CPU
		{2A65D560-F51D-4589-AA05-B4EDEAD544F6}.Debug|Any CPU.Build.0 = Debug|Any CPU
		{2A65D560-F51D-4589-AA05-B4EDEAD544F6}.Debug|x64.ActiveCfg = Debug|Any CPU
		{2A65D560-F51D-4589-AA05-B4EDEAD544F6}.Debug|x64.Build.0 = Debug|Any CPU
		{2A65D560-F51D-4589-AA05-B4EDEAD544F6}.Debug|x86.ActiveCfg = Debug|Any CPU
		{2A65D560-F51D-4589-AA05-B4EDEAD544F6}.Debug|x86.Build.0 = Debug|Any CPU
		{2A65D560-F51D-4589-AA05-B4EDEAD544F6}.Release|Any CPU.ActiveCfg = Release|Any CPU
		{2A65D560-F51D-4589-AA05-B4EDEAD544F6}.Release|Any CPU.Build.0 = Release|Any CPU
		{2A65D560-F51D-4589-AA05-B4EDEAD544F6}.Release|x64.ActiveCfg = Release|Any CPU
		{2A65D560-F51D-4589-AA05-B4EDEAD544F6}.Release|x64.Build.0 = Release|Any CPU
		{2A65D560-F51D-4589-AA05-B4EDEAD544F6}.Release|x86.ActiveCfg = Release|Any CPU
		{2A65D560-F51D-4589-AA05-B4EDEAD544F6}.Release|x86.Build.0 = Release|Any CPU
		{F00B1966-D64A-46D5-87E5-744343A163A9}.Debug|Any CPU.ActiveCfg = Debug|Any CPU
		{F00B1966-D64A-46D5-87E5-744343A163A9}.Debug|Any CPU.Build.0 = Debug|Any CPU
		{F00B1966-D64A-46D5-87E5-744343A163A9}.Debug|x64.ActiveCfg = Debug|Any CPU
		{F00B1966-D64A-46D5-87E5-744343A163A9}.Debug|x64.Build.0 = Debug|Any CPU
		{F00B1966-D64A-46D5-87E5-744343A163A9}.Debug|x86.ActiveCfg = Debug|Any CPU
		{F00B1966-D64A-46D5-87E5-744343A163A9}.Debug|x86.Build.0 = Debug|Any CPU
		{F00B1966-D64A-46D5-87E5-744343A163A9}.Release|Any CPU.ActiveCfg = Release|Any CPU
		{F00B1966-D64A-46D5-87E5-744343A163A9}.Release|Any CPU.Build.0 = Release|Any CPU
		{F00B1966-D64A-46D5-87E5-744343A163A9}.Release|x64.ActiveCfg = Release|Any CPU
		{F00B1966-D64A-46D5-87E5-744343A163A9}.Release|x64.Build.0 = Release|Any CPU
		{F00B1966-D64A-46D5-87E5-744343A163A9}.Release|x86.ActiveCfg = Release|Any CPU
		{F00B1966-D64A-46D5-87E5-744343A163A9}.Release|x86.Build.0 = Release|Any CPU
		{B480199C-2FB7-4D0A-B740-5D0D68F6908B}.Debug|Any CPU.ActiveCfg = Debug|Any CPU
		{B480199C-2FB7-4D0A-B740-5D0D68F6908B}.Debug|Any CPU.Build.0 = Debug|Any CPU
		{B480199C-2FB7-4D0A-B740-5D0D68F6908B}.Debug|x64.ActiveCfg = Debug|Any CPU
		{B480199C-2FB7-4D0A-B740-5D0D68F6908B}.Debug|x64.Build.0 = Debug|Any CPU
		{B480199C-2FB7-4D0A-B740-5D0D68F6908B}.Debug|x86.ActiveCfg = Debug|Any CPU
		{B480199C-2FB7-4D0A-B740-5D0D68F6908B}.Debug|x86.Build.0 = Debug|Any CPU
		{B480199C-2FB7-4D0A-B740-5D0D68F6908B}.Release|Any CPU.ActiveCfg = Release|Any CPU
		{B480199C-2FB7-4D0A-B740-5D0D68F6908B}.Release|Any CPU.Build.0 = Release|Any CPU
		{B480199C-2FB7-4D0A-B740-5D0D68F6908B}.Release|x64.ActiveCfg = Release|Any CPU
		{B480199C-2FB7-4D0A-B740-5D0D68F6908B}.Release|x64.Build.0 = Release|Any CPU
		{B480199C-2FB7-4D0A-B740-5D0D68F6908B}.Release|x86.ActiveCfg = Release|Any CPU
		{B480199C-2FB7-4D0A-B740-5D0D68F6908B}.Release|x86.Build.0 = Release|Any CPU
		{627AB02D-A661-48B3-A614-7CE31472F9C3}.Debug|Any CPU.ActiveCfg = Debug|Any CPU
		{627AB02D-A661-48B3-A614-7CE31472F9C3}.Debug|Any CPU.Build.0 = Debug|Any CPU
		{627AB02D-A661-48B3-A614-7CE31472F9C3}.Debug|x64.ActiveCfg = Debug|Any CPU
		{627AB02D-A661-48B3-A614-7CE31472F9C3}.Debug|x64.Build.0 = Debug|Any CPU
		{627AB02D-A661-48B3-A614-7CE31472F9C3}.Debug|x86.ActiveCfg = Debug|Any CPU
		{627AB02D-A661-48B3-A614-7CE31472F9C3}.Debug|x86.Build.0 = Debug|Any CPU
		{627AB02D-A661-48B3-A614-7CE31472F9C3}.Release|Any CPU.ActiveCfg = Release|Any CPU
		{627AB02D-A661-48B3-A614-7CE31472F9C3}.Release|Any CPU.Build.0 = Release|Any CPU
		{627AB02D-A661-48B3-A614-7CE31472F9C3}.Release|x64.ActiveCfg = Release|Any CPU
		{627AB02D-A661-48B3-A614-7CE31472F9C3}.Release|x64.Build.0 = Release|Any CPU
		{627AB02D-A661-48B3-A614-7CE31472F9C3}.Release|x86.ActiveCfg = Release|Any CPU
		{627AB02D-A661-48B3-A614-7CE31472F9C3}.Release|x86.Build.0 = Release|Any CPU
		{1AD75E11-43DB-4B66-86FD-FA710EF5DE98}.Debug|Any CPU.ActiveCfg = Debug|Any CPU
		{1AD75E11-43DB-4B66-86FD-FA710EF5DE98}.Debug|Any CPU.Build.0 = Debug|Any CPU
		{1AD75E11-43DB-4B66-86FD-FA710EF5DE98}.Debug|x64.ActiveCfg = Debug|Any CPU
		{1AD75E11-43DB-4B66-86FD-FA710EF5DE98}.Debug|x64.Build.0 = Debug|Any CPU
		{1AD75E11-43DB-4B66-86FD-FA710EF5DE98}.Debug|x86.ActiveCfg = Debug|Any CPU
		{1AD75E11-43DB-4B66-86FD-FA710EF5DE98}.Debug|x86.Build.0 = Debug|Any CPU
		{1AD75E11-43DB-4B66-86FD-FA710EF5DE98}.Release|Any CPU.ActiveCfg = Release|Any CPU
		{1AD75E11-43DB-4B66-86FD-FA710EF5DE98}.Release|Any CPU.Build.0 = Release|Any CPU
		{1AD75E11-43DB-4B66-86FD-FA710EF5DE98}.Release|x64.ActiveCfg = Release|Any CPU
		{1AD75E11-43DB-4B66-86FD-FA710EF5DE98}.Release|x64.Build.0 = Release|Any CPU
		{1AD75E11-43DB-4B66-86FD-FA710EF5DE98}.Release|x86.ActiveCfg = Release|Any CPU
		{1AD75E11-43DB-4B66-86FD-FA710EF5DE98}.Release|x86.Build.0 = Release|Any CPU
		{6E378004-2030-492A-9E9B-F8A7B3256E12}.Debug|Any CPU.ActiveCfg = Debug|Any CPU
		{6E378004-2030-492A-9E9B-F8A7B3256E12}.Debug|Any CPU.Build.0 = Debug|Any CPU
		{6E378004-2030-492A-9E9B-F8A7B3256E12}.Debug|x64.ActiveCfg = Debug|Any CPU
		{6E378004-2030-492A-9E9B-F8A7B3256E12}.Debug|x64.Build.0 = Debug|Any CPU
		{6E378004-2030-492A-9E9B-F8A7B3256E12}.Debug|x86.ActiveCfg = Debug|Any CPU
		{6E378004-2030-492A-9E9B-F8A7B3256E12}.Debug|x86.Build.0 = Debug|Any CPU
		{6E378004-2030-492A-9E9B-F8A7B3256E12}.Release|Any CPU.ActiveCfg = Release|Any CPU
		{6E378004-2030-492A-9E9B-F8A7B3256E12}.Release|Any CPU.Build.0 = Release|Any CPU
		{6E378004-2030-492A-9E9B-F8A7B3256E12}.Release|x64.ActiveCfg = Release|Any CPU
		{6E378004-2030-492A-9E9B-F8A7B3256E12}.Release|x64.Build.0 = Release|Any CPU
		{6E378004-2030-492A-9E9B-F8A7B3256E12}.Release|x86.ActiveCfg = Release|Any CPU
		{6E378004-2030-492A-9E9B-F8A7B3256E12}.Release|x86.Build.0 = Release|Any CPU
		{80580F9D-FB5D-4817-8B13-6858562F887C}.Debug|Any CPU.ActiveCfg = Debug|Any CPU
		{80580F9D-FB5D-4817-8B13-6858562F887C}.Debug|Any CPU.Build.0 = Debug|Any CPU
		{80580F9D-FB5D-4817-8B13-6858562F887C}.Debug|x64.ActiveCfg = Debug|Any CPU
		{80580F9D-FB5D-4817-8B13-6858562F887C}.Debug|x64.Build.0 = Debug|Any CPU
		{80580F9D-FB5D-4817-8B13-6858562F887C}.Debug|x86.ActiveCfg = Debug|Any CPU
		{80580F9D-FB5D-4817-8B13-6858562F887C}.Debug|x86.Build.0 = Debug|Any CPU
		{80580F9D-FB5D-4817-8B13-6858562F887C}.Release|Any CPU.ActiveCfg = Release|Any CPU
		{80580F9D-FB5D-4817-8B13-6858562F887C}.Release|Any CPU.Build.0 = Release|Any CPU
		{80580F9D-FB5D-4817-8B13-6858562F887C}.Release|x64.ActiveCfg = Release|Any CPU
		{80580F9D-FB5D-4817-8B13-6858562F887C}.Release|x64.Build.0 = Release|Any CPU
		{80580F9D-FB5D-4817-8B13-6858562F887C}.Release|x86.ActiveCfg = Release|Any CPU
		{80580F9D-FB5D-4817-8B13-6858562F887C}.Release|x86.Build.0 = Release|Any CPU
		{5B5B1329-8C4C-4F1C-99ED-1A981DE9C83F}.Debug|Any CPU.ActiveCfg = Debug|Any CPU
		{5B5B1329-8C4C-4F1C-99ED-1A981DE9C83F}.Debug|Any CPU.Build.0 = Debug|Any CPU
		{5B5B1329-8C4C-4F1C-99ED-1A981DE9C83F}.Debug|x64.ActiveCfg = Debug|Any CPU
		{5B5B1329-8C4C-4F1C-99ED-1A981DE9C83F}.Debug|x64.Build.0 = Debug|Any CPU
		{5B5B1329-8C4C-4F1C-99ED-1A981DE9C83F}.Debug|x86.ActiveCfg = Debug|Any CPU
		{5B5B1329-8C4C-4F1C-99ED-1A981DE9C83F}.Debug|x86.Build.0 = Debug|Any CPU
		{5B5B1329-8C4C-4F1C-99ED-1A981DE9C83F}.Release|Any CPU.ActiveCfg = Release|Any CPU
		{5B5B1329-8C4C-4F1C-99ED-1A981DE9C83F}.Release|Any CPU.Build.0 = Release|Any CPU
		{5B5B1329-8C4C-4F1C-99ED-1A981DE9C83F}.Release|x64.ActiveCfg = Release|Any CPU
		{5B5B1329-8C4C-4F1C-99ED-1A981DE9C83F}.Release|x64.Build.0 = Release|Any CPU
		{5B5B1329-8C4C-4F1C-99ED-1A981DE9C83F}.Release|x86.ActiveCfg = Release|Any CPU
		{5B5B1329-8C4C-4F1C-99ED-1A981DE9C83F}.Release|x86.Build.0 = Release|Any CPU
		{10F09A74-A782-49E4-AE9D-AD4C90D287E5}.Debug|Any CPU.ActiveCfg = Debug|Any CPU
		{10F09A74-A782-49E4-AE9D-AD4C90D287E5}.Debug|Any CPU.Build.0 = Debug|Any CPU
		{10F09A74-A782-49E4-AE9D-AD4C90D287E5}.Debug|x64.ActiveCfg = Debug|Any CPU
		{10F09A74-A782-49E4-AE9D-AD4C90D287E5}.Debug|x64.Build.0 = Debug|Any CPU
		{10F09A74-A782-49E4-AE9D-AD4C90D287E5}.Debug|x86.ActiveCfg = Debug|Any CPU
		{10F09A74-A782-49E4-AE9D-AD4C90D287E5}.Debug|x86.Build.0 = Debug|Any CPU
		{10F09A74-A782-49E4-AE9D-AD4C90D287E5}.Release|Any CPU.ActiveCfg = Release|Any CPU
		{10F09A74-A782-49E4-AE9D-AD4C90D287E5}.Release|Any CPU.Build.0 = Release|Any CPU
		{10F09A74-A782-49E4-AE9D-AD4C90D287E5}.Release|x64.ActiveCfg = Release|Any CPU
		{10F09A74-A782-49E4-AE9D-AD4C90D287E5}.Release|x64.Build.0 = Release|Any CPU
		{10F09A74-A782-49E4-AE9D-AD4C90D287E5}.Release|x86.ActiveCfg = Release|Any CPU
		{10F09A74-A782-49E4-AE9D-AD4C90D287E5}.Release|x86.Build.0 = Release|Any CPU
		{B612BA93-8F73-4F00-ACBA-9838A069B267}.Debug|Any CPU.ActiveCfg = Debug|Any CPU
		{B612BA93-8F73-4F00-ACBA-9838A069B267}.Debug|Any CPU.Build.0 = Debug|Any CPU
		{B612BA93-8F73-4F00-ACBA-9838A069B267}.Debug|x64.ActiveCfg = Debug|Any CPU
		{B612BA93-8F73-4F00-ACBA-9838A069B267}.Debug|x64.Build.0 = Debug|Any CPU
		{B612BA93-8F73-4F00-ACBA-9838A069B267}.Debug|x86.ActiveCfg = Debug|Any CPU
		{B612BA93-8F73-4F00-ACBA-9838A069B267}.Debug|x86.Build.0 = Debug|Any CPU
		{B612BA93-8F73-4F00-ACBA-9838A069B267}.Release|Any CPU.ActiveCfg = Release|Any CPU
		{B612BA93-8F73-4F00-ACBA-9838A069B267}.Release|Any CPU.Build.0 = Release|Any CPU
		{B612BA93-8F73-4F00-ACBA-9838A069B267}.Release|x64.ActiveCfg = Release|Any CPU
		{B612BA93-8F73-4F00-ACBA-9838A069B267}.Release|x64.Build.0 = Release|Any CPU
		{B612BA93-8F73-4F00-ACBA-9838A069B267}.Release|x86.ActiveCfg = Release|Any CPU
		{B612BA93-8F73-4F00-ACBA-9838A069B267}.Release|x86.Build.0 = Release|Any CPU
		{1810C8F8-2FBD-4703-8EFF-11B46E74F267}.Debug|Any CPU.ActiveCfg = Debug|Any CPU
		{1810C8F8-2FBD-4703-8EFF-11B46E74F267}.Debug|Any CPU.Build.0 = Debug|Any CPU
		{1810C8F8-2FBD-4703-8EFF-11B46E74F267}.Debug|x64.ActiveCfg = Debug|Any CPU
		{1810C8F8-2FBD-4703-8EFF-11B46E74F267}.Debug|x64.Build.0 = Debug|Any CPU
		{1810C8F8-2FBD-4703-8EFF-11B46E74F267}.Debug|x86.ActiveCfg = Debug|Any CPU
		{1810C8F8-2FBD-4703-8EFF-11B46E74F267}.Debug|x86.Build.0 = Debug|Any CPU
		{1810C8F8-2FBD-4703-8EFF-11B46E74F267}.Release|Any CPU.ActiveCfg = Release|Any CPU
		{1810C8F8-2FBD-4703-8EFF-11B46E74F267}.Release|Any CPU.Build.0 = Release|Any CPU
		{1810C8F8-2FBD-4703-8EFF-11B46E74F267}.Release|x64.ActiveCfg = Release|Any CPU
		{1810C8F8-2FBD-4703-8EFF-11B46E74F267}.Release|x64.Build.0 = Release|Any CPU
		{1810C8F8-2FBD-4703-8EFF-11B46E74F267}.Release|x86.ActiveCfg = Release|Any CPU
		{1810C8F8-2FBD-4703-8EFF-11B46E74F267}.Release|x86.Build.0 = Release|Any CPU
		{26C9C7EA-15FF-4047-BE04-58EC7BE39D07}.Debug|Any CPU.ActiveCfg = Debug|Any CPU
		{26C9C7EA-15FF-4047-BE04-58EC7BE39D07}.Debug|Any CPU.Build.0 = Debug|Any CPU
		{26C9C7EA-15FF-4047-BE04-58EC7BE39D07}.Debug|x64.ActiveCfg = Debug|Any CPU
		{26C9C7EA-15FF-4047-BE04-58EC7BE39D07}.Debug|x64.Build.0 = Debug|Any CPU
		{26C9C7EA-15FF-4047-BE04-58EC7BE39D07}.Debug|x86.ActiveCfg = Debug|Any CPU
		{26C9C7EA-15FF-4047-BE04-58EC7BE39D07}.Debug|x86.Build.0 = Debug|Any CPU
		{26C9C7EA-15FF-4047-BE04-58EC7BE39D07}.Release|Any CPU.ActiveCfg = Release|Any CPU
		{26C9C7EA-15FF-4047-BE04-58EC7BE39D07}.Release|Any CPU.Build.0 = Release|Any CPU
		{26C9C7EA-15FF-4047-BE04-58EC7BE39D07}.Release|x64.ActiveCfg = Release|Any CPU
		{26C9C7EA-15FF-4047-BE04-58EC7BE39D07}.Release|x64.Build.0 = Release|Any CPU
		{26C9C7EA-15FF-4047-BE04-58EC7BE39D07}.Release|x86.ActiveCfg = Release|Any CPU
		{26C9C7EA-15FF-4047-BE04-58EC7BE39D07}.Release|x86.Build.0 = Release|Any CPU
		{4C5658BD-E722-416E-8713-817E6E27BE96}.Debug|Any CPU.ActiveCfg = Debug|Any CPU
		{4C5658BD-E722-416E-8713-817E6E27BE96}.Debug|Any CPU.Build.0 = Debug|Any CPU
		{4C5658BD-E722-416E-8713-817E6E27BE96}.Debug|x64.ActiveCfg = Debug|Any CPU
		{4C5658BD-E722-416E-8713-817E6E27BE96}.Debug|x64.Build.0 = Debug|Any CPU
		{4C5658BD-E722-416E-8713-817E6E27BE96}.Debug|x86.ActiveCfg = Debug|Any CPU
		{4C5658BD-E722-416E-8713-817E6E27BE96}.Debug|x86.Build.0 = Debug|Any CPU
		{4C5658BD-E722-416E-8713-817E6E27BE96}.Release|Any CPU.ActiveCfg = Release|Any CPU
		{4C5658BD-E722-416E-8713-817E6E27BE96}.Release|Any CPU.Build.0 = Release|Any CPU
		{4C5658BD-E722-416E-8713-817E6E27BE96}.Release|x64.ActiveCfg = Release|Any CPU
		{4C5658BD-E722-416E-8713-817E6E27BE96}.Release|x64.Build.0 = Release|Any CPU
		{4C5658BD-E722-416E-8713-817E6E27BE96}.Release|x86.ActiveCfg = Release|Any CPU
		{4C5658BD-E722-416E-8713-817E6E27BE96}.Release|x86.Build.0 = Release|Any CPU
		{65F6475D-AEFC-41CA-B45B-214C565F5C28}.Debug|Any CPU.ActiveCfg = Debug|Any CPU
		{65F6475D-AEFC-41CA-B45B-214C565F5C28}.Debug|Any CPU.Build.0 = Debug|Any CPU
		{65F6475D-AEFC-41CA-B45B-214C565F5C28}.Debug|x64.ActiveCfg = Debug|Any CPU
		{65F6475D-AEFC-41CA-B45B-214C565F5C28}.Debug|x64.Build.0 = Debug|Any CPU
		{65F6475D-AEFC-41CA-B45B-214C565F5C28}.Debug|x86.ActiveCfg = Debug|Any CPU
		{65F6475D-AEFC-41CA-B45B-214C565F5C28}.Debug|x86.Build.0 = Debug|Any CPU
		{65F6475D-AEFC-41CA-B45B-214C565F5C28}.Release|Any CPU.ActiveCfg = Release|Any CPU
		{65F6475D-AEFC-41CA-B45B-214C565F5C28}.Release|Any CPU.Build.0 = Release|Any CPU
		{65F6475D-AEFC-41CA-B45B-214C565F5C28}.Release|x64.ActiveCfg = Release|Any CPU
		{65F6475D-AEFC-41CA-B45B-214C565F5C28}.Release|x64.Build.0 = Release|Any CPU
		{65F6475D-AEFC-41CA-B45B-214C565F5C28}.Release|x86.ActiveCfg = Release|Any CPU
		{65F6475D-AEFC-41CA-B45B-214C565F5C28}.Release|x86.Build.0 = Release|Any CPU
		{80F15327-DE51-4C42-9016-453F438FDC45}.Debug|Any CPU.ActiveCfg = Debug|Any CPU
		{80F15327-DE51-4C42-9016-453F438FDC45}.Debug|Any CPU.Build.0 = Debug|Any CPU
		{80F15327-DE51-4C42-9016-453F438FDC45}.Debug|x64.ActiveCfg = Debug|Any CPU
		{80F15327-DE51-4C42-9016-453F438FDC45}.Debug|x64.Build.0 = Debug|Any CPU
		{80F15327-DE51-4C42-9016-453F438FDC45}.Debug|x86.ActiveCfg = Debug|Any CPU
		{80F15327-DE51-4C42-9016-453F438FDC45}.Debug|x86.Build.0 = Debug|Any CPU
		{80F15327-DE51-4C42-9016-453F438FDC45}.Release|Any CPU.ActiveCfg = Release|Any CPU
		{80F15327-DE51-4C42-9016-453F438FDC45}.Release|Any CPU.Build.0 = Release|Any CPU
		{80F15327-DE51-4C42-9016-453F438FDC45}.Release|x64.ActiveCfg = Release|Any CPU
		{80F15327-DE51-4C42-9016-453F438FDC45}.Release|x64.Build.0 = Release|Any CPU
		{80F15327-DE51-4C42-9016-453F438FDC45}.Release|x86.ActiveCfg = Release|Any CPU
		{80F15327-DE51-4C42-9016-453F438FDC45}.Release|x86.Build.0 = Release|Any CPU
	EndGlobalSection
	GlobalSection(SolutionProperties) = preSolution
		HideSolutionNode = FALSE
	EndGlobalSection
	GlobalSection(NestedProjects) = preSolution
		{CBAC04FB-F384-450D-86BD-651FB920672C} = {D52A6C36-F517-47E3-AD4E-C8F0CDAC3678}
		{817ACD8E-4EC0-48DF-8AFC-232ADEB168CE} = {0C88DD14-F956-CE84-757C-A364CCF449FC}
		{73ACFCE5-F840-42F1-8382-DDFAF74529AF} = {0955C698-034D-424C-A981-095EB50A5673}
		{52C9E4FE-4CC1-411B-9D1C-454463B53D9A} = {0955C698-034D-424C-A981-095EB50A5673}
		{273139D4-CF7F-4C85-8508-1CDAEAC37AA4} = {D52A6C36-F517-47E3-AD4E-C8F0CDAC3678}
		{999C64CD-7D66-4F0D-A74C-BCC043176DF4} = {D52A6C36-F517-47E3-AD4E-C8F0CDAC3678}
		{6E30F2C0-2751-4D2A-8697-E43AE77018F1} = {3AB9C3B3-CB6C-414B-87A7-CAFB3AC9FAAA}
		{A39EBDE9-F557-4461-BAFF-7BF8F3ABCA8B} = {3AB9C3B3-CB6C-414B-87A7-CAFB3AC9FAAA}
		{D8408542-07AD-492E-AD47-332DF415BAE3} = {0955C698-034D-424C-A981-095EB50A5673}
		{F326E4BD-4AE4-4756-85B5-EB31FC650D6F} = {0C88DD14-F956-CE84-757C-A364CCF449FC}
		{12496AA6-CA27-442E-9A67-0417FE38EEFC} = {0C88DD14-F956-CE84-757C-A364CCF449FC}
		{F6F5D9E6-8F04-4F23-99F8-C6857C6BBE2E} = {0955C698-034D-424C-A981-095EB50A5673}
		{1C8E45E1-D24D-42A7-9034-160992AE3823} = {0C88DD14-F956-CE84-757C-A364CCF449FC}
		{A42DB787-393B-4080-84F9-03C2DDE06C14} = {0955C698-034D-424C-A981-095EB50A5673}
		{6D7B9490-CB5B-43E2-B149-C6CA54C18502} = {0C88DD14-F956-CE84-757C-A364CCF449FC}
		{17F74AEE-ADC9-45ED-A27C-14B86AEE9B96} = {3AB9C3B3-CB6C-414B-87A7-CAFB3AC9FAAA}
		{089356BA-B0B3-4363-B360-915EC45FAD72} = {3AB9C3B3-CB6C-414B-87A7-CAFB3AC9FAAA}
		{D52A6C36-F517-47E3-AD4E-C8F0CDAC3678} = {827E0CD3-B72D-47B6-A68D-7590B98EB39B}
		{0955C698-034D-424C-A981-095EB50A5673} = {827E0CD3-B72D-47B6-A68D-7590B98EB39B}
		{3AB9C3B3-CB6C-414B-87A7-CAFB3AC9FAAA} = {827E0CD3-B72D-47B6-A68D-7590B98EB39B}
		{5DB93B3E-65B8-4C0A-A08E-633F2E159FE9} = {81B3F1B8-451F-43ED-A167-8DFC445DB588}
		{31E2CAAA-176E-41DC-AB32-2F0818E08122} = {760AB15A-8938-8D9B-BEDE-5CE1484B84C3}
		{C0A088E4-9B1E-40F1-80FC-C22AE3BCAEA1} = {AD2040B0-EAE8-450D-A625-57E825C7F297}
		{F450B9BC-9675-4940-A8F0-C8C75241091F} = {D52A6C36-F517-47E3-AD4E-C8F0CDAC3678}
		{4E79045F-F848-4683-88EE-9AF17228E267} = {AD2040B0-EAE8-450D-A625-57E825C7F297}
		{46974937-533F-4386-A813-2C69018FCE31} = {AD2040B0-EAE8-450D-A625-57E825C7F297}
		{D5CB0BBA-7FB9-4D2D-800A-93965AB7B304} = {D52A6C36-F517-47E3-AD4E-C8F0CDAC3678}
		{B8E12345-1111-2222-3333-444444444444} = {0955C698-034D-424C-A981-095EB50A5673}
		{B8E12345-5555-6666-7777-888888888888} = {0C88DD14-F956-CE84-757C-A364CCF449FC}
		{2D584F39-B573-4314-9853-86531D633918} = {0955C698-034D-424C-A981-095EB50A5673}
		{6EDA50E1-5817-4B03-AFA1-EFACA8549087} = {0C88DD14-F956-CE84-757C-A364CCF449FC}
		{D5354C86-98F8-4488-AEF4-738BD35CDEE2} = {0955C698-034D-424C-A981-095EB50A5673}
		{D62AAF79-C7D4-4002-BE91-38FFC458DD59} = {0955C698-034D-424C-A981-095EB50A5673}
		{3B85ADED-AC56-46EF-8DAA-6E1283B5BE72} = {0C88DD14-F956-CE84-757C-A364CCF449FC}
		{C282DC1F-6F99-4A9F-8639-C0885D2C820A} = {5413DD8F-4CB6-48E7-8289-E76063861D4B}
		{5413DD8F-4CB6-48E7-8289-E76063861D4B} = {0955C698-034D-424C-A981-095EB50A5673}
		{E33026F5-67A4-43BF-9611-31D6C8B721BD} = {0C88DD14-F956-CE84-757C-A364CCF449FC}
		{FE11D059-0FCB-497B-8C92-3A27B9083174} = {5413DD8F-4CB6-48E7-8289-E76063861D4B}
		{9F3A8B1D-E5C7-4D9F-A8E1-2B4C5D6E7F8A} = {0955C698-034D-424C-A981-095EB50A5673}
		{8AE810CB-2A3B-465F-A157-365FADA69B01} = {0C88DD14-F956-CE84-757C-A364CCF449FC}
		{7B4E8A9F-2D3C-4F1E-9A8B-6C5D4E3F2A1B} = {0C88DD14-F956-CE84-757C-A364CCF449FC}
		{84867122-AFA7-44D7-BCF2-41610208FC42} = {07C2787E-EAC7-C090-1BA3-A61EC2A24D84}
		{2A65D560-F51D-4589-AA05-B4EDEAD544F6} = {0C88DD14-F956-CE84-757C-A364CCF449FC}
		{F00B1966-D64A-46D5-87E5-744343A163A9} = {07C2787E-EAC7-C090-1BA3-A61EC2A24D84}
		{B480199C-2FB7-4D0A-B740-5D0D68F6908B} = {0C88DD14-F956-CE84-757C-A364CCF449FC}
		{627AB02D-A661-48B3-A614-7CE31472F9C3} = {0955C698-034D-424C-A981-095EB50A5673}
		{1AD75E11-43DB-4B66-86FD-FA710EF5DE98} = {07C2787E-EAC7-C090-1BA3-A61EC2A24D84}
		{6E378004-2030-492A-9E9B-F8A7B3256E12} = {D52A6C36-F517-47E3-AD4E-C8F0CDAC3678}
		{80580F9D-FB5D-4817-8B13-6858562F887C} = {D52A6C36-F517-47E3-AD4E-C8F0CDAC3678}
		{5B5B1329-8C4C-4F1C-99ED-1A981DE9C83F} = {D52A6C36-F517-47E3-AD4E-C8F0CDAC3678}
		{10F09A74-A782-49E4-AE9D-AD4C90D287E5} = {0955C698-034D-424C-A981-095EB50A5673}
		{B612BA93-8F73-4F00-ACBA-9838A069B267} = {0C88DD14-F956-CE84-757C-A364CCF449FC}
		{1810C8F8-2FBD-4703-8EFF-11B46E74F267} = {0C88DD14-F956-CE84-757C-A364CCF449FC}
		{26C9C7EA-15FF-4047-BE04-58EC7BE39D07} = {D52A6C36-F517-47E3-AD4E-C8F0CDAC3678}
		{FBF56CC3-7AE6-AD2D-3F14-7F97FD322CD6} = {827E0CD3-B72D-47B6-A68D-7590B98EB39B}
		{4C5658BD-E722-416E-8713-817E6E27BE96} = {FBF56CC3-7AE6-AD2D-3F14-7F97FD322CD6}
		{65F6475D-AEFC-41CA-B45B-214C565F5C28} = {0955C698-034D-424C-A981-095EB50A5673}
		{80F15327-DE51-4C42-9016-453F438FDC45} = {0955C698-034D-424C-A981-095EB50A5673}
	EndGlobalSection
EndGlobal
