
Microsoft Visual Studio Solution File, Format Version 12.00
# Visual Studio Version 17
VisualStudioVersion = 17.0.31903.59
MinimumVisualStudioVersion = 10.0.40219.1
Project("{FAE04EC0-301F-11D3-BF4B-00C04F79EFBC}") = "Ignixa.Specification.Generators", "Ignixa.Specification.Generators\Ignixa.Specification.Generators.csproj", "{D297A352-D7CB-48E4-9F7B-90FBB56E965A}"
EndProject
Project("{FAE04EC0-301F-11D3-BF4B-00C04F79EFBC}") = "Microsoft.Health.Fhir.CodeGenCommon", "fhir-codegen\src\Microsoft.Health.Fhir.CodeGenCommon\Microsoft.Health.Fhir.CodeGenCommon.csproj", "{4073156D-3402-499D-9949-DAF181BCEEB9}"
EndProject
Project("{FAE04EC0-301F-11D3-BF4B-00C04F79EFBC}") = "Microsoft.Health.Fhir.CodeGen", "fhir-codegen\src\Microsoft.Health.Fhir.CodeGen\Microsoft.Health.Fhir.CodeGen.csproj", "{81D78E38-8CF4-4E8F-94BA-217191EA34A2}"
EndProject
Project("{FAE04EC0-301F-11D3-BF4B-00C04F79EFBC}") = "Microsoft.Health.Fhir.CrossVersion", "fhir-codegen\src\Microsoft.Health.Fhir.CrossVersion\Microsoft.Health.Fhir.CrossVersion.csproj", "{1955B3EC-9A1A-483B-9BDB-139C864E5B01}"
EndProject
Project("{FAE04EC0-301F-11D3-BF4B-00C04F79EFBC}") = "Microsoft.Health.Fhir.MappingLanguage", "fhir-codegen\src\Microsoft.Health.Fhir.MappingLanguage\Microsoft.Health.Fhir.MappingLanguage.csproj", "{64321466-42DD-4B5C-857F-E2FC8375DE02}"
EndProject
Global
	GlobalSection(SolutionConfigurationPlatforms) = preSolution
		Debug|Any CPU = Debug|Any CPU
		Debug|x64 = Debug|x64
		Debug|x86 = Debug|x86
		Release|Any CPU = Release|Any CPU
		Release|x64 = Release|x64
		Release|x86 = Release|x86
	EndGlobalSection
	GlobalSection(ProjectConfigurationPlatforms) = postSolution
		{D297A352-D7CB-48E4-9F7B-90FBB56E965A}.Debug|Any CPU.ActiveCfg = Debug|Any CPU
		{D297A352-D7CB-48E4-9F7B-90FBB56E965A}.Debug|Any CPU.Build.0 = Debug|Any CPU
		{D297A352-D7CB-48E4-9F7B-90FBB56E965A}.Debug|x64.ActiveCfg = Debug|Any CPU
		{D297A352-D7CB-48E4-9F7B-90FBB56E965A}.Debug|x64.Build.0 = Debug|Any CPU
		{D297A352-D7CB-48E4-9F7B-90FBB56E965A}.Debug|x86.ActiveCfg = Debug|Any CPU
		{D297A352-D7CB-48E4-9F7B-90FBB56E965A}.Debug|x86.Build.0 = Debug|Any CPU
		{D297A352-D7CB-48E4-9F7B-90FBB56E965A}.Release|Any CPU.ActiveCfg = Release|Any CPU
		{D297A352-D7CB-48E4-9F7B-90FBB56E965A}.Release|Any CPU.Build.0 = Release|Any CPU
		{D297A352-D7CB-48E4-9F7B-90FBB56E965A}.Release|x64.ActiveCfg = Release|Any CPU
		{D297A352-D7CB-48E4-9F7B-90FBB56E965A}.Release|x64.Build.0 = Release|Any CPU
		{D297A352-D7CB-48E4-9F7B-90FBB56E965A}.Release|x86.ActiveCfg = Release|Any CPU
		{D297A352-D7CB-48E4-9F7B-90FBB56E965A}.Release|x86.Build.0 = Release|Any CPU
		{4073156D-3402-499D-9949-DAF181BCEEB9}.Debug|Any CPU.ActiveCfg = Debug|Any CPU
		{4073156D-3402-499D-9949-DAF181BCEEB9}.Debug|Any CPU.Build.0 = Debug|Any CPU
		{4073156D-3402-499D-9949-DAF181BCEEB9}.Debug|x64.ActiveCfg = Debug|Any CPU
		{4073156D-3402-499D-9949-DAF181BCEEB9}.Debug|x64.Build.0 = Debug|Any CPU
		{4073156D-3402-499D-9949-DAF181BCEEB9}.Debug|x86.ActiveCfg = Debug|Any CPU
		{4073156D-3402-499D-9949-DAF181BCEEB9}.Debug|x86.Build.0 = Debug|Any CPU
		{4073156D-3402-499D-9949-DAF181BCEEB9}.Release|Any CPU.ActiveCfg = Release|Any CPU
		{4073156D-3402-499D-9949-DAF181BCEEB9}.Release|Any CPU.Build.0 = Release|Any CPU
		{4073156D-3402-499D-9949-DAF181BCEEB9}.Release|x64.ActiveCfg = Release|Any CPU
		{4073156D-3402-499D-9949-DAF181BCEEB9}.Release|x64.Build.0 = Release|Any CPU
		{4073156D-3402-499D-9949-DAF181BCEEB9}.Release|x86.ActiveCfg = Release|Any CPU
		{4073156D-3402-499D-9949-DAF181BCEEB9}.Release|x86.Build.0 = Release|Any CPU
		{81D78E38-8CF4-4E8F-94BA-217191EA34A2}.Debug|Any CPU.ActiveCfg = Debug|Any CPU
		{81D78E38-8CF4-4E8F-94BA-217191EA34A2}.Debug|Any CPU.Build.0 = Debug|Any CPU
		{81D78E38-8CF4-4E8F-94BA-217191EA34A2}.Debug|x64.ActiveCfg = Debug|Any CPU
		{81D78E38-8CF4-4E8F-94BA-217191EA34A2}.Debug|x64.Build.0 = Debug|Any CPU
		{81D78E38-8CF4-4E8F-94BA-217191EA34A2}.Debug|x86.ActiveCfg = Debug|Any CPU
		{81D78E38-8CF4-4E8F-94BA-217191EA34A2}.Debug|x86.Build.0 = Debug|Any CPU
		{81D78E38-8CF4-4E8F-94BA-217191EA34A2}.Release|Any CPU.ActiveCfg = Release|Any CPU
		{81D78E38-8CF4-4E8F-94BA-217191EA34A2}.Release|Any CPU.Build.0 = Release|Any CPU
		{81D78E38-8CF4-4E8F-94BA-217191EA34A2}.Release|x64.ActiveCfg = Release|Any CPU
		{81D78E38-8CF4-4E8F-94BA-217191EA34A2}.Release|x64.Build.0 = Release|Any CPU
		{81D78E38-8CF4-4E8F-94BA-217191EA34A2}.Release|x86.ActiveCfg = Release|Any CPU
		{81D78E38-8CF4-4E8F-94BA-217191EA34A2}.Release|x86.Build.0 = Release|Any CPU
		{1955B3EC-9A1A-483B-9BDB-139C864E5B01}.Debug|Any CPU.ActiveCfg = Debug|Any CPU
		{1955B3EC-9A1A-483B-9BDB-139C864E5B01}.Debug|Any CPU.Build.0 = Debug|Any CPU
		{1955B3EC-9A1A-483B-9BDB-139C864E5B01}.Debug|x64.ActiveCfg = Debug|Any CPU
		{1955B3EC-9A1A-483B-9BDB-139C864E5B01}.Debug|x64.Build.0 = Debug|Any CPU
		{1955B3EC-9A1A-483B-9BDB-139C864E5B01}.Debug|x86.ActiveCfg = Debug|Any CPU
		{1955B3EC-9A1A-483B-9BDB-139C864E5B01}.Debug|x86.Build.0 = Debug|Any CPU
		{1955B3EC-9A1A-483B-9BDB-139C864E5B01}.Release|Any CPU.ActiveCfg = Release|Any CPU
		{1955B3EC-9A1A-483B-9BDB-139C864E5B01}.Release|Any CPU.Build.0 = Release|Any CPU
		{1955B3EC-9A1A-483B-9BDB-139C864E5B01}.Release|x64.ActiveCfg = Release|Any CPU
		{1955B3EC-9A1A-483B-9BDB-139C864E5B01}.Release|x64.Build.0 = Release|Any CPU
		{1955B3EC-9A1A-483B-9BDB-139C864E5B01}.Release|x86.ActiveCfg = Release|Any CPU
		{1955B3EC-9A1A-483B-9BDB-139C864E5B01}.Release|x86.Build.0 = Release|Any CPU
		{64321466-42DD-4B5C-857F-E2FC8375DE02}.Debug|Any CPU.ActiveCfg = Debug|Any CPU
		{64321466-42DD-4B5C-857F-E2FC8375DE02}.Debug|Any CPU.Build.0 = Debug|Any CPU
		{64321466-42DD-4B5C-857F-E2FC8375DE02}.Debug|x64.ActiveCfg = Debug|Any CPU
		{64321466-42DD-4B5C-857F-E2FC8375DE02}.Debug|x64.Build.0 = Debug|Any CPU
		{64321466-42DD-4B5C-857F-E2FC8375DE02}.Debug|x86.ActiveCfg = Debug|Any CPU
		{64321466-42DD-4B5C-857F-E2FC8375DE02}.Debug|x86.Build.0 = Debug|Any CPU
		{64321466-42DD-4B5C-857F-E2FC8375DE02}.Release|Any CPU.ActiveCfg = Release|Any CPU
		{64321466-42DD-4B5C-857F-E2FC8375DE02}.Release|Any CPU.Build.0 = Release|Any CPU
		{64321466-42DD-4B5C-857F-E2FC8375DE02}.Release|x64.ActiveCfg = Release|Any CPU
		{64321466-42DD-4B5C-857F-E2FC8375DE02}.Release|x64.Build.0 = Release|Any CPU
		{64321466-42DD-4B5C-857F-E2FC8375DE02}.Release|x86.ActiveCfg = Release|Any CPU
		{64321466-42DD-4B5C-857F-E2FC8375DE02}.Release|x86.Build.0 = Release|Any CPU
	EndGlobalSection
	GlobalSection(SolutionProperties) = preSolution
		HideSolutionNode = FALSE
	EndGlobalSection
EndGlobal
